// !$*UTF8*$!
{
	archiveVersion = 1;
	classes = {
	};
	objectVersion = 55;
	objects = {

/* Begin PBXBuildFile section */
		47E8CDE03189FA002100D5C8 /* Pods_shinghaLib.framework in Frameworks */ = {isa = PBXBuildFile; fileRef = F25CDC50D53C9E48AAEF1F10 /* Pods_shinghaLib.framework */; };
		E01B522F281E49CA009918AE /* NetworkRepository.swift in Sources */ = {isa = PBXBuildFile; fileRef = E01B5228281E49CA009918AE /* NetworkRepository.swift */; };
		E01B5230281E49CA009918AE /* NetworkApiRepository.swift in Sources */ = {isa = PBXBuildFile; fileRef = E01B5229281E49CA009918AE /* NetworkApiRepository.swift */; };
		E01B5231281E49CA009918AE /* URLSessionProtocol.swift in Sources */ = {isa = PBXBuildFile; fileRef = E01B522B281E49CA009918AE /* URLSessionProtocol.swift */; };
		E01B5232281E49CA009918AE /* SessionError.swift in Sources */ = {isa = PBXBuildFile; fileRef = E01B522C281E49CA009918AE /* SessionError.swift */; };
		E01B5233281E49CA009918AE /* NetworkResult.swift in Sources */ = {isa = PBXBuildFile; fileRef = E01B522D281E49CA009918AE /* NetworkResult.swift */; };
		E01B5234281E49CA009918AE /* URLSessionProvider.swift in Sources */ = {isa = PBXBuildFile; fileRef = E01B522E281E49CA009918AE /* URLSessionProvider.swift */; };
		E01B523C281E4A21009918AE /* HttpContentType.swift in Sources */ = {isa = PBXBuildFile; fileRef = E01B5238281E4A21009918AE /* HttpContentType.swift */; };
		E01B523D281E4A21009918AE /* HTTPMethod.swift in Sources */ = {isa = PBXBuildFile; fileRef = E01B5239281E4A21009918AE /* HTTPMethod.swift */; };
		E01B523E281E4A21009918AE /* ApiResult.swift in Sources */ = {isa = PBXBuildFile; fileRef = E01B523A281E4A21009918AE /* ApiResult.swift */; };
		E01B523F281E4A21009918AE /* EndPoint.swift in Sources */ = {isa = PBXBuildFile; fileRef = E01B523B281E4A21009918AE /* EndPoint.swift */; };
		E0D0268D287416C900F7137A /* BaseViewController.swift in Sources */ = {isa = PBXBuildFile; fileRef = E0D02670287416C800F7137A /* BaseViewController.swift */; };
		E0D0268E287416C900F7137A /* BaseTableViewCell.swift in Sources */ = {isa = PBXBuildFile; fileRef = E0D02671287416C800F7137A /* BaseTableViewCell.swift */; };
		E0D0268F287416C900F7137A /* BaseCollectionViewCell.swift in Sources */ = {isa = PBXBuildFile; fileRef = E0D02672287416C800F7137A /* BaseCollectionViewCell.swift */; };
		E0D02690287416C900F7137A /* BaseView.swift in Sources */ = {isa = PBXBuildFile; fileRef = E0D02673287416C800F7137A /* BaseView.swift */; };
		E0D02691287416C900F7137A /* CategoryType.swift in Sources */ = {isa = PBXBuildFile; fileRef = E0D02675287416C800F7137A /* CategoryType.swift */; };
		E0D02692287416C900F7137A /* CategoryViewModel.swift in Sources */ = {isa = PBXBuildFile; fileRef = E0D02676287416C800F7137A /* CategoryViewModel.swift */; };
		E0D02693287416C900F7137A /* CategoryCoordinator.swift in Sources */ = {isa = PBXBuildFile; fileRef = E0D02677287416C800F7137A /* CategoryCoordinator.swift */; };
		E0D02694287416C900F7137A /* CategoryViewCell.swift in Sources */ = {isa = PBXBuildFile; fileRef = E0D02679287416C800F7137A /* CategoryViewCell.swift */; };
		E0D02695287416C900F7137A /* CategoryViewCellModel.swift in Sources */ = {isa = PBXBuildFile; fileRef = E0D0267A287416C800F7137A /* CategoryViewCellModel.swift */; };
		E0D02696287416C900F7137A /* CategoryViewController.swift in Sources */ = {isa = PBXBuildFile; fileRef = E0D0267B287416C800F7137A /* CategoryViewController.swift */; };
		E0D02697287416C900F7137A /* MVVM.swift in Sources */ = {isa = PBXBuildFile; fileRef = E0D0267D287416C800F7137A /* MVVM.swift */; };
		E0D02699287416C900F7137A /* ExampleTableViewModel.swift in Sources */ = {isa = PBXBuildFile; fileRef = E0D02681287416C800F7137A /* ExampleTableViewModel.swift */; };
		E0D0269A287416C900F7137A /* ExampleTableViewCell.swift in Sources */ = {isa = PBXBuildFile; fileRef = E0D02682287416C800F7137A /* ExampleTableViewCell.swift */; };
		E0D0269B287416C900F7137A /* TableViewType.swift in Sources */ = {isa = PBXBuildFile; fileRef = E0D02684287416C800F7137A /* TableViewType.swift */; };
		E0D0269C287416C900F7137A /* MainTableViewController.swift in Sources */ = {isa = PBXBuildFile; fileRef = E0D02685287416C800F7137A /* MainTableViewController.swift */; };
		E0D0269D287416C900F7137A /* TableViewCellView.swift in Sources */ = {isa = PBXBuildFile; fileRef = E0D02687287416C800F7137A /* TableViewCellView.swift */; };
		E0D0269E287416C900F7137A /* TableViewCellViewModel.swift in Sources */ = {isa = PBXBuildFile; fileRef = E0D02688287416C800F7137A /* TableViewCellViewModel.swift */; };
		E0D0269F287416C900F7137A /* TableViewCoordinator.swift in Sources */ = {isa = PBXBuildFile; fileRef = E0D02689287416C800F7137A /* TableViewCoordinator.swift */; };
		E0D026A0287416C900F7137A /* MainTableViewModel.swift in Sources */ = {isa = PBXBuildFile; fileRef = E0D0268A287416C800F7137A /* MainTableViewModel.swift */; };
		E0D026A1287416C900F7137A /* Coordinator.swift in Sources */ = {isa = PBXBuildFile; fileRef = E0D0268C287416C800F7137A /* Coordinator.swift */; };
		E0D026D5287416E600F7137A /* Combine+UITextField+Extension.swift in Sources */ = {isa = PBXBuildFile; fileRef = E0D026A4287416E600F7137A /* Combine+UITextField+Extension.swift */; };
		E0D026D6287416E600F7137A /* Combine+UITextView+Extension.swift in Sources */ = {isa = PBXBuildFile; fileRef = E0D026A5287416E600F7137A /* Combine+UITextView+Extension.swift */; };
		E0D026D7287416E600F7137A /* Combine+UIConrtol+Extension.swift in Sources */ = {isa = PBXBuildFile; fileRef = E0D026A6287416E600F7137A /* Combine+UIConrtol+Extension.swift */; };
		E0D026D8287416E600F7137A /* Combine+UISegmentedControl+Extension.swift in Sources */ = {isa = PBXBuildFile; fileRef = E0D026A7287416E600F7137A /* Combine+UISegmentedControl+Extension.swift */; };
		E0D026D9287416E600F7137A /* UIColor+Extension.swift in Sources */ = {isa = PBXBuildFile; fileRef = E0D026A9287416E600F7137A /* UIColor+Extension.swift */; };
		E0D026DA287416E600F7137A /* UIViewController+Extension.swift in Sources */ = {isa = PBXBuildFile; fileRef = E0D026AA287416E600F7137A /* UIViewController+Extension.swift */; };
		E0D026DB287416E600F7137A /* UITextField+Extension.swift in Sources */ = {isa = PBXBuildFile; fileRef = E0D026AB287416E600F7137A /* UITextField+Extension.swift */; };
		E0D026DC287416E600F7137A /* NSAttributedString+Extension.swift in Sources */ = {isa = PBXBuildFile; fileRef = E0D026AD287416E600F7137A /* NSAttributedString+Extension.swift */; };
		E0D026DD287416E600F7137A /* Int+Extension.swift in Sources */ = {isa = PBXBuildFile; fileRef = E0D026AE287416E600F7137A /* Int+Extension.swift */; };
		E0D026DE287416E600F7137A /* Date+Extension.swift in Sources */ = {isa = PBXBuildFile; fileRef = E0D026AF287416E600F7137A /* Date+Extension.swift */; };
		E0D026DF287416E600F7137A /* Optional+Extension.swift in Sources */ = {isa = PBXBuildFile; fileRef = E0D026B0287416E600F7137A /* Optional+Extension.swift */; };
		E0D026E0287416E600F7137A /* String+Extension.swift in Sources */ = {isa = PBXBuildFile; fileRef = E0D026B1287416E600F7137A /* String+Extension.swift */; };
		E0D026E1287416E600F7137A /* NSMutableAttributedString+Extension.swift in Sources */ = {isa = PBXBuildFile; fileRef = E0D026B2287416E600F7137A /* NSMutableAttributedString+Extension.swift */; };
		E0D026E2287416E600F7137A /* Result+Extension.swift in Sources */ = {isa = PBXBuildFile; fileRef = E0D026B3287416E600F7137A /* Result+Extension.swift */; };
		E0D026E3287416E600F7137A /* Rx+NotificationCenter+Extension.swift in Sources */ = {isa = PBXBuildFile; fileRef = E0D026B5287416E600F7137A /* Rx+NotificationCenter+Extension.swift */; };
		E0D026E4287416E600F7137A /* PreviewView.swift in Sources */ = {isa = PBXBuildFile; fileRef = E0D026B9287416E600F7137A /* PreviewView.swift */; };
		E0D026E5287416E600F7137A /* CameraSessionError.swift in Sources */ = {isa = PBXBuildFile; fileRef = E0D026BA287416E600F7137A /* CameraSessionError.swift */; };
		E0D026E6287416E600F7137A /* CameraSession.swift in Sources */ = {isa = PBXBuildFile; fileRef = E0D026BB287416E600F7137A /* CameraSession.swift */; };
		E0D026E7287416E600F7137A /* Verification.swift in Sources */ = {isa = PBXBuildFile; fileRef = E0D026BD287416E600F7137A /* Verification.swift */; };
		E0D026E8287416E600F7137A /* PhoneNumberValidate.swift in Sources */ = {isa = PBXBuildFile; fileRef = E0D026BF287416E600F7137A /* PhoneNumberValidate.swift */; };
		E0D026E9287416E600F7137A /* PasswordVaildate.swift in Sources */ = {isa = PBXBuildFile; fileRef = E0D026C0287416E600F7137A /* PasswordVaildate.swift */; };
		E0D026EA287416E600F7137A /* EmailValidate.swift in Sources */ = {isa = PBXBuildFile; fileRef = E0D026C1287416E600F7137A /* EmailValidate.swift */; };
		E0D026EB287416E600F7137A /* UserIdVelidate.swift in Sources */ = {isa = PBXBuildFile; fileRef = E0D026C2287416E600F7137A /* UserIdVelidate.swift */; };
		E0D026EC287416E600F7137A /* BaseValidate.swift in Sources */ = {isa = PBXBuildFile; fileRef = E0D026C3287416E600F7137A /* BaseValidate.swift */; };
		E0D026ED287416E600F7137A /* BezierPathView.swift in Sources */ = {isa = PBXBuildFile; fileRef = E0D026C5287416E600F7137A /* BezierPathView.swift */; };
		E0D026EE287416E600F7137A /* PlaceholderTextView.swift in Sources */ = {isa = PBXBuildFile; fileRef = E0D026C6287416E600F7137A /* PlaceholderTextView.swift */; };
		E0D026EF287416E600F7137A /* PaddingLabel.swift in Sources */ = {isa = PBXBuildFile; fileRef = E0D026C7287416E600F7137A /* PaddingLabel.swift */; };
		E0D026F0287416E600F7137A /* GradientView.swift in Sources */ = {isa = PBXBuildFile; fileRef = E0D026C8287416E600F7137A /* GradientView.swift */; };
		E0D026F1287416E600F7137A /* Log.swift in Sources */ = {isa = PBXBuildFile; fileRef = E0D026CA287416E600F7137A /* Log.swift */; };
		E0D026F2287416E600F7137A /* ImageManager.swift in Sources */ = {isa = PBXBuildFile; fileRef = E0D026CC287416E600F7137A /* ImageManager.swift */; };
		E0D026F3287416E600F7137A /* UserDefault.swift in Sources */ = {isa = PBXBuildFile; fileRef = E0D026CF287416E600F7137A /* UserDefault.swift */; };
		E0D026F4287416E600F7137A /* Inject.swift in Sources */ = {isa = PBXBuildFile; fileRef = E0D026D1287416E600F7137A /* Inject.swift */; };
		E0D026F5287416E600F7137A /* DecodedBy.swift in Sources */ = {isa = PBXBuildFile; fileRef = E0D026D3287416E600F7137A /* DecodedBy.swift */; };
		E0D026F6287416E600F7137A /* PriceTransformer.swift in Sources */ = {isa = PBXBuildFile; fileRef = E0D026D4287416E600F7137A /* PriceTransformer.swift */; };
		E0D026F8287417DB00F7137A /* ExampleTableViewController.swift in Sources */ = {isa = PBXBuildFile; fileRef = E0D026F7287417DB00F7137A /* ExampleTableViewController.swift */; };
		E0E6631F286491560084FD56 /* Assets.xcassets in Resources */ = {isa = PBXBuildFile; fileRef = E0E6631E286491560084FD56 /* Assets.xcassets */; };
		E0E66327286491A30084FD56 /* SceneDelegate.swift in Sources */ = {isa = PBXBuildFile; fileRef = E0E66320286491A30084FD56 /* SceneDelegate.swift */; };
		E0E66328286491A30084FD56 /* AppDelegate.swift in Sources */ = {isa = PBXBuildFile; fileRef = E0E66321286491A30084FD56 /* AppDelegate.swift */; };
		E0E6633328649A590084FD56 /* AppCoordinator.swift in Sources */ = {isa = PBXBuildFile; fileRef = E0E6633228649A590084FD56 /* AppCoordinator.swift */; };
/* End PBXBuildFile section */

/* Begin PBXFileReference section */
		1DFDFE6E4D8BDCE1FE2E999D /* Pods-shinghaLibrary.debug.xcconfig */ = {isa = PBXFileReference; includeInIndex = 1; lastKnownFileType = text.xcconfig; name = "Pods-shinghaLibrary.debug.xcconfig"; path = "Target Support Files/Pods-shinghaLibrary/Pods-shinghaLibrary.debug.xcconfig"; sourceTree = "<group>"; };
		68063B54E12ABF71CEB627D0 /* Pods-shinghaLibrary.release.xcconfig */ = {isa = PBXFileReference; includeInIndex = 1; lastKnownFileType = text.xcconfig; name = "Pods-shinghaLibrary.release.xcconfig"; path = "Target Support Files/Pods-shinghaLibrary/Pods-shinghaLibrary.release.xcconfig"; sourceTree = "<group>"; };
		E01B5228281E49CA009918AE /* NetworkRepository.swift */ = {isa = PBXFileReference; fileEncoding = 4; lastKnownFileType = sourcecode.swift; path = NetworkRepository.swift; sourceTree = "<group>"; };
		E01B5229281E49CA009918AE /* NetworkApiRepository.swift */ = {isa = PBXFileReference; fileEncoding = 4; lastKnownFileType = sourcecode.swift; path = NetworkApiRepository.swift; sourceTree = "<group>"; };
		E01B522B281E49CA009918AE /* URLSessionProtocol.swift */ = {isa = PBXFileReference; fileEncoding = 4; lastKnownFileType = sourcecode.swift; path = URLSessionProtocol.swift; sourceTree = "<group>"; };
		E01B522C281E49CA009918AE /* SessionError.swift */ = {isa = PBXFileReference; fileEncoding = 4; lastKnownFileType = sourcecode.swift; path = SessionError.swift; sourceTree = "<group>"; };
		E01B522D281E49CA009918AE /* NetworkResult.swift */ = {isa = PBXFileReference; fileEncoding = 4; lastKnownFileType = sourcecode.swift; path = NetworkResult.swift; sourceTree = "<group>"; };
		E01B522E281E49CA009918AE /* URLSessionProvider.swift */ = {isa = PBXFileReference; fileEncoding = 4; lastKnownFileType = sourcecode.swift; path = URLSessionProvider.swift; sourceTree = "<group>"; };
		E01B5238281E4A21009918AE /* HttpContentType.swift */ = {isa = PBXFileReference; fileEncoding = 4; lastKnownFileType = sourcecode.swift; path = HttpContentType.swift; sourceTree = "<group>"; };
		E01B5239281E4A21009918AE /* HTTPMethod.swift */ = {isa = PBXFileReference; fileEncoding = 4; lastKnownFileType = sourcecode.swift; path = HTTPMethod.swift; sourceTree = "<group>"; };
		E01B523A281E4A21009918AE /* ApiResult.swift */ = {isa = PBXFileReference; fileEncoding = 4; lastKnownFileType = sourcecode.swift; path = ApiResult.swift; sourceTree = "<group>"; };
		E01B523B281E4A21009918AE /* EndPoint.swift */ = {isa = PBXFileReference; fileEncoding = 4; lastKnownFileType = sourcecode.swift; path = EndPoint.swift; sourceTree = "<group>"; };
		E0BE4BCE27FA76BD0076403C /* shinghaLib.app */ = {isa = PBXFileReference; explicitFileType = wrapper.application; includeInIndex = 0; path = shinghaLib.app; sourceTree = BUILT_PRODUCTS_DIR; };
		E0BE4BDF27FA76BE0076403C /* Info.plist */ = {isa = PBXFileReference; lastKnownFileType = text.plist.xml; path = Info.plist; sourceTree = "<group>"; };
		E0D02670287416C800F7137A /* BaseViewController.swift */ = {isa = PBXFileReference; fileEncoding = 4; lastKnownFileType = sourcecode.swift; path = BaseViewController.swift; sourceTree = "<group>"; };
		E0D02671287416C800F7137A /* BaseTableViewCell.swift */ = {isa = PBXFileReference; fileEncoding = 4; lastKnownFileType = sourcecode.swift; path = BaseTableViewCell.swift; sourceTree = "<group>"; };
		E0D02672287416C800F7137A /* BaseCollectionViewCell.swift */ = {isa = PBXFileReference; fileEncoding = 4; lastKnownFileType = sourcecode.swift; path = BaseCollectionViewCell.swift; sourceTree = "<group>"; };
		E0D02673287416C800F7137A /* BaseView.swift */ = {isa = PBXFileReference; fileEncoding = 4; lastKnownFileType = sourcecode.swift; path = BaseView.swift; sourceTree = "<group>"; };
		E0D02675287416C800F7137A /* CategoryType.swift */ = {isa = PBXFileReference; fileEncoding = 4; lastKnownFileType = sourcecode.swift; path = CategoryType.swift; sourceTree = "<group>"; };
		E0D02676287416C800F7137A /* CategoryViewModel.swift */ = {isa = PBXFileReference; fileEncoding = 4; lastKnownFileType = sourcecode.swift; path = CategoryViewModel.swift; sourceTree = "<group>"; };
		E0D02677287416C800F7137A /* CategoryCoordinator.swift */ = {isa = PBXFileReference; fileEncoding = 4; lastKnownFileType = sourcecode.swift; path = CategoryCoordinator.swift; sourceTree = "<group>"; };
		E0D02679287416C800F7137A /* CategoryViewCell.swift */ = {isa = PBXFileReference; fileEncoding = 4; lastKnownFileType = sourcecode.swift; path = CategoryViewCell.swift; sourceTree = "<group>"; };
		E0D0267A287416C800F7137A /* CategoryViewCellModel.swift */ = {isa = PBXFileReference; fileEncoding = 4; lastKnownFileType = sourcecode.swift; path = CategoryViewCellModel.swift; sourceTree = "<group>"; };
		E0D0267B287416C800F7137A /* CategoryViewController.swift */ = {isa = PBXFileReference; fileEncoding = 4; lastKnownFileType = sourcecode.swift; path = CategoryViewController.swift; sourceTree = "<group>"; };
		E0D0267D287416C800F7137A /* MVVM.swift */ = {isa = PBXFileReference; fileEncoding = 4; lastKnownFileType = sourcecode.swift; path = MVVM.swift; sourceTree = "<group>"; };
		E0D02681287416C800F7137A /* ExampleTableViewModel.swift */ = {isa = PBXFileReference; fileEncoding = 4; lastKnownFileType = sourcecode.swift; path = ExampleTableViewModel.swift; sourceTree = "<group>"; };
		E0D02682287416C800F7137A /* ExampleTableViewCell.swift */ = {isa = PBXFileReference; fileEncoding = 4; lastKnownFileType = sourcecode.swift; path = ExampleTableViewCell.swift; sourceTree = "<group>"; };
		E0D02684287416C800F7137A /* TableViewType.swift */ = {isa = PBXFileReference; fileEncoding = 4; lastKnownFileType = sourcecode.swift; path = TableViewType.swift; sourceTree = "<group>"; };
		E0D02685287416C800F7137A /* MainTableViewController.swift */ = {isa = PBXFileReference; fileEncoding = 4; lastKnownFileType = sourcecode.swift; path = MainTableViewController.swift; sourceTree = "<group>"; };
		E0D02687287416C800F7137A /* TableViewCellView.swift */ = {isa = PBXFileReference; fileEncoding = 4; lastKnownFileType = sourcecode.swift; path = TableViewCellView.swift; sourceTree = "<group>"; };
		E0D02688287416C800F7137A /* TableViewCellViewModel.swift */ = {isa = PBXFileReference; fileEncoding = 4; lastKnownFileType = sourcecode.swift; path = TableViewCellViewModel.swift; sourceTree = "<group>"; };
		E0D02689287416C800F7137A /* TableViewCoordinator.swift */ = {isa = PBXFileReference; fileEncoding = 4; lastKnownFileType = sourcecode.swift; path = TableViewCoordinator.swift; sourceTree = "<group>"; };
		E0D0268A287416C800F7137A /* MainTableViewModel.swift */ = {isa = PBXFileReference; fileEncoding = 4; lastKnownFileType = sourcecode.swift; path = MainTableViewModel.swift; sourceTree = "<group>"; };
		E0D0268C287416C800F7137A /* Coordinator.swift */ = {isa = PBXFileReference; fileEncoding = 4; lastKnownFileType = sourcecode.swift; path = Coordinator.swift; sourceTree = "<group>"; };
		E0D026A4287416E600F7137A /* Combine+UITextField+Extension.swift */ = {isa = PBXFileReference; fileEncoding = 4; lastKnownFileType = sourcecode.swift; path = "Combine+UITextField+Extension.swift"; sourceTree = "<group>"; };
		E0D026A5287416E600F7137A /* Combine+UITextView+Extension.swift */ = {isa = PBXFileReference; fileEncoding = 4; lastKnownFileType = sourcecode.swift; path = "Combine+UITextView+Extension.swift"; sourceTree = "<group>"; };
		E0D026A6287416E600F7137A /* Combine+UIConrtol+Extension.swift */ = {isa = PBXFileReference; fileEncoding = 4; lastKnownFileType = sourcecode.swift; path = "Combine+UIConrtol+Extension.swift"; sourceTree = "<group>"; };
		E0D026A7287416E600F7137A /* Combine+UISegmentedControl+Extension.swift */ = {isa = PBXFileReference; fileEncoding = 4; lastKnownFileType = sourcecode.swift; path = "Combine+UISegmentedControl+Extension.swift"; sourceTree = "<group>"; };
		E0D026A9287416E600F7137A /* UIColor+Extension.swift */ = {isa = PBXFileReference; fileEncoding = 4; lastKnownFileType = sourcecode.swift; path = "UIColor+Extension.swift"; sourceTree = "<group>"; };
		E0D026AA287416E600F7137A /* UIViewController+Extension.swift */ = {isa = PBXFileReference; fileEncoding = 4; lastKnownFileType = sourcecode.swift; path = "UIViewController+Extension.swift"; sourceTree = "<group>"; };
		E0D026AB287416E600F7137A /* UITextField+Extension.swift */ = {isa = PBXFileReference; fileEncoding = 4; lastKnownFileType = sourcecode.swift; path = "UITextField+Extension.swift"; sourceTree = "<group>"; };
		E0D026AD287416E600F7137A /* NSAttributedString+Extension.swift */ = {isa = PBXFileReference; fileEncoding = 4; lastKnownFileType = sourcecode.swift; path = "NSAttributedString+Extension.swift"; sourceTree = "<group>"; };
		E0D026AE287416E600F7137A /* Int+Extension.swift */ = {isa = PBXFileReference; fileEncoding = 4; lastKnownFileType = sourcecode.swift; path = "Int+Extension.swift"; sourceTree = "<group>"; };
		E0D026AF287416E600F7137A /* Date+Extension.swift */ = {isa = PBXFileReference; fileEncoding = 4; lastKnownFileType = sourcecode.swift; path = "Date+Extension.swift"; sourceTree = "<group>"; };
		E0D026B0287416E600F7137A /* Optional+Extension.swift */ = {isa = PBXFileReference; fileEncoding = 4; lastKnownFileType = sourcecode.swift; path = "Optional+Extension.swift"; sourceTree = "<group>"; };
		E0D026B1287416E600F7137A /* String+Extension.swift */ = {isa = PBXFileReference; fileEncoding = 4; lastKnownFileType = sourcecode.swift; path = "String+Extension.swift"; sourceTree = "<group>"; };
		E0D026B2287416E600F7137A /* NSMutableAttributedString+Extension.swift */ = {isa = PBXFileReference; fileEncoding = 4; lastKnownFileType = sourcecode.swift; path = "NSMutableAttributedString+Extension.swift"; sourceTree = "<group>"; };
		E0D026B3287416E600F7137A /* Result+Extension.swift */ = {isa = PBXFileReference; fileEncoding = 4; lastKnownFileType = sourcecode.swift; path = "Result+Extension.swift"; sourceTree = "<group>"; };
		E0D026B5287416E600F7137A /* Rx+NotificationCenter+Extension.swift */ = {isa = PBXFileReference; fileEncoding = 4; lastKnownFileType = sourcecode.swift; path = "Rx+NotificationCenter+Extension.swift"; sourceTree = "<group>"; };
		E0D026B9287416E600F7137A /* PreviewView.swift */ = {isa = PBXFileReference; fileEncoding = 4; lastKnownFileType = sourcecode.swift; path = PreviewView.swift; sourceTree = "<group>"; };
		E0D026BA287416E600F7137A /* CameraSessionError.swift */ = {isa = PBXFileReference; fileEncoding = 4; lastKnownFileType = sourcecode.swift; path = CameraSessionError.swift; sourceTree = "<group>"; };
		E0D026BB287416E600F7137A /* CameraSession.swift */ = {isa = PBXFileReference; fileEncoding = 4; lastKnownFileType = sourcecode.swift; path = CameraSession.swift; sourceTree = "<group>"; };
		E0D026BD287416E600F7137A /* Verification.swift */ = {isa = PBXFileReference; fileEncoding = 4; lastKnownFileType = sourcecode.swift; path = Verification.swift; sourceTree = "<group>"; };
		E0D026BF287416E600F7137A /* PhoneNumberValidate.swift */ = {isa = PBXFileReference; fileEncoding = 4; lastKnownFileType = sourcecode.swift; path = PhoneNumberValidate.swift; sourceTree = "<group>"; };
		E0D026C0287416E600F7137A /* PasswordVaildate.swift */ = {isa = PBXFileReference; fileEncoding = 4; lastKnownFileType = sourcecode.swift; path = PasswordVaildate.swift; sourceTree = "<group>"; };
		E0D026C1287416E600F7137A /* EmailValidate.swift */ = {isa = PBXFileReference; fileEncoding = 4; lastKnownFileType = sourcecode.swift; path = EmailValidate.swift; sourceTree = "<group>"; };
		E0D026C2287416E600F7137A /* UserIdVelidate.swift */ = {isa = PBXFileReference; fileEncoding = 4; lastKnownFileType = sourcecode.swift; path = UserIdVelidate.swift; sourceTree = "<group>"; };
		E0D026C3287416E600F7137A /* BaseValidate.swift */ = {isa = PBXFileReference; fileEncoding = 4; lastKnownFileType = sourcecode.swift; path = BaseValidate.swift; sourceTree = "<group>"; };
		E0D026C5287416E600F7137A /* BezierPathView.swift */ = {isa = PBXFileReference; fileEncoding = 4; lastKnownFileType = sourcecode.swift; path = BezierPathView.swift; sourceTree = "<group>"; };
		E0D026C6287416E600F7137A /* PlaceholderTextView.swift */ = {isa = PBXFileReference; fileEncoding = 4; lastKnownFileType = sourcecode.swift; path = PlaceholderTextView.swift; sourceTree = "<group>"; };
		E0D026C7287416E600F7137A /* PaddingLabel.swift */ = {isa = PBXFileReference; fileEncoding = 4; lastKnownFileType = sourcecode.swift; path = PaddingLabel.swift; sourceTree = "<group>"; };
		E0D026C8287416E600F7137A /* GradientView.swift */ = {isa = PBXFileReference; fileEncoding = 4; lastKnownFileType = sourcecode.swift; path = GradientView.swift; sourceTree = "<group>"; };
		E0D026CA287416E600F7137A /* Log.swift */ = {isa = PBXFileReference; fileEncoding = 4; lastKnownFileType = sourcecode.swift; path = Log.swift; sourceTree = "<group>"; };
		E0D026CC287416E600F7137A /* ImageManager.swift */ = {isa = PBXFileReference; fileEncoding = 4; lastKnownFileType = sourcecode.swift; path = ImageManager.swift; sourceTree = "<group>"; };
		E0D026CF287416E600F7137A /* UserDefault.swift */ = {isa = PBXFileReference; fileEncoding = 4; lastKnownFileType = sourcecode.swift; path = UserDefault.swift; sourceTree = "<group>"; };
		E0D026D1287416E600F7137A /* Inject.swift */ = {isa = PBXFileReference; fileEncoding = 4; lastKnownFileType = sourcecode.swift; path = Inject.swift; sourceTree = "<group>"; };
		E0D026D3287416E600F7137A /* DecodedBy.swift */ = {isa = PBXFileReference; fileEncoding = 4; lastKnownFileType = sourcecode.swift; path = DecodedBy.swift; sourceTree = "<group>"; };
		E0D026D4287416E600F7137A /* PriceTransformer.swift */ = {isa = PBXFileReference; fileEncoding = 4; lastKnownFileType = sourcecode.swift; path = PriceTransformer.swift; sourceTree = "<group>"; };
		E0D026F7287417DB00F7137A /* ExampleTableViewController.swift */ = {isa = PBXFileReference; fileEncoding = 4; lastKnownFileType = sourcecode.swift; path = ExampleTableViewController.swift; sourceTree = "<group>"; };
		E0E6631E286491560084FD56 /* Assets.xcassets */ = {isa = PBXFileReference; lastKnownFileType = folder.assetcatalog; path = Assets.xcassets; sourceTree = "<group>"; };
		E0E66320286491A30084FD56 /* SceneDelegate.swift */ = {isa = PBXFileReference; fileEncoding = 4; lastKnownFileType = sourcecode.swift; path = SceneDelegate.swift; sourceTree = "<group>"; };
		E0E66321286491A30084FD56 /* AppDelegate.swift */ = {isa = PBXFileReference; fileEncoding = 4; lastKnownFileType = sourcecode.swift; path = AppDelegate.swift; sourceTree = "<group>"; };
		E0E6633228649A590084FD56 /* AppCoordinator.swift */ = {isa = PBXFileReference; lastKnownFileType = sourcecode.swift; path = AppCoordinator.swift; sourceTree = "<group>"; };
		EA086B1938819B6EC2D63118 /* Pods-shinghaLib.debug.xcconfig */ = {isa = PBXFileReference; includeInIndex = 1; lastKnownFileType = text.xcconfig; name = "Pods-shinghaLib.debug.xcconfig"; path = "Target Support Files/Pods-shinghaLib/Pods-shinghaLib.debug.xcconfig"; sourceTree = "<group>"; };
		EE994925FC08BA478BD5ECDA /* Pods-shinghaLib.release.xcconfig */ = {isa = PBXFileReference; includeInIndex = 1; lastKnownFileType = text.xcconfig; name = "Pods-shinghaLib.release.xcconfig"; path = "Target Support Files/Pods-shinghaLib/Pods-shinghaLib.release.xcconfig"; sourceTree = "<group>"; };
		F25CDC50D53C9E48AAEF1F10 /* Pods_shinghaLib.framework */ = {isa = PBXFileReference; explicitFileType = wrapper.framework; includeInIndex = 0; path = Pods_shinghaLib.framework; sourceTree = BUILT_PRODUCTS_DIR; };
		F46F822F2439CDE5DE89515E /* Pods_shinghaLibrary.framework */ = {isa = PBXFileReference; explicitFileType = wrapper.framework; includeInIndex = 0; path = Pods_shinghaLibrary.framework; sourceTree = BUILT_PRODUCTS_DIR; };
/* End PBXFileReference section */

/* Begin PBXFrameworksBuildPhase section */
		E0BE4BCB27FA76BD0076403C /* Frameworks */ = {
			isa = PBXFrameworksBuildPhase;
			buildActionMask = 2147483647;
			files = (
				47E8CDE03189FA002100D5C8 /* Pods_shinghaLib.framework in Frameworks */,
			);
			runOnlyForDeploymentPostprocessing = 0;
		};
/* End PBXFrameworksBuildPhase section */

/* Begin PBXGroup section */
		0BEE17421BFD6DFE6C852A06 /* Frameworks */ = {
			isa = PBXGroup;
			children = (
				F25CDC50D53C9E48AAEF1F10 /* Pods_shinghaLib.framework */,
				F46F822F2439CDE5DE89515E /* Pods_shinghaLibrary.framework */,
			);
			name = Frameworks;
			sourceTree = "<group>";
		};
		D35A89F7A4DA39967D3792A2 /* Pods */ = {
			isa = PBXGroup;
			children = (
				EA086B1938819B6EC2D63118 /* Pods-shinghaLib.debug.xcconfig */,
				EE994925FC08BA478BD5ECDA /* Pods-shinghaLib.release.xcconfig */,
				1DFDFE6E4D8BDCE1FE2E999D /* Pods-shinghaLibrary.debug.xcconfig */,
				68063B54E12ABF71CEB627D0 /* Pods-shinghaLibrary.release.xcconfig */,
			);
			path = Pods;
			sourceTree = "<group>";
		};
		E01B5227281E49CA009918AE /* Network */ = {
			isa = PBXGroup;
			children = (
				E01B5236281E4A21009918AE /* API */,
				E01B5235281E49E6009918AE /* Repository */,
			);
			path = Network;
			sourceTree = "<group>";
		};
		E01B522A281E49CA009918AE /* Base */ = {
			isa = PBXGroup;
			children = (
				E01B522B281E49CA009918AE /* URLSessionProtocol.swift */,
				E01B522C281E49CA009918AE /* SessionError.swift */,
				E01B522D281E49CA009918AE /* NetworkResult.swift */,
				E01B522E281E49CA009918AE /* URLSessionProvider.swift */,
			);
			path = Base;
			sourceTree = "<group>";
		};
		E01B5235281E49E6009918AE /* Repository */ = {
			isa = PBXGroup;
			children = (
				E01B522A281E49CA009918AE /* Base */,
				E01B5228281E49CA009918AE /* NetworkRepository.swift */,
				E01B5229281E49CA009918AE /* NetworkApiRepository.swift */,
			);
			path = Repository;
			sourceTree = "<group>";
		};
		E01B5236281E4A21009918AE /* API */ = {
			isa = PBXGroup;
			children = (
				E01B5237281E4A21009918AE /* Base */,
			);
			path = API;
			sourceTree = "<group>";
		};
		E01B5237281E4A21009918AE /* Base */ = {
			isa = PBXGroup;
			children = (
				E01B5238281E4A21009918AE /* HttpContentType.swift */,
				E01B5239281E4A21009918AE /* HTTPMethod.swift */,
				E01B523A281E4A21009918AE /* ApiResult.swift */,
				E01B523B281E4A21009918AE /* EndPoint.swift */,
			);
			path = Base;
			sourceTree = "<group>";
		};
		E01B5241281E4B33009918AE /* Sources */ = {
			isa = PBXGroup;
			children = (
				E01B5227281E49CA009918AE /* Network */,
				E0E66322286491A30084FD56 /* Present */,
				E0E66321286491A30084FD56 /* AppDelegate.swift */,
				E0E66320286491A30084FD56 /* SceneDelegate.swift */,
				E0E6633228649A590084FD56 /* AppCoordinator.swift */,
			);
			path = Sources;
			sourceTree = "<group>";
		};
		E0BE4BC527FA76BD0076403C = {
			isa = PBXGroup;
			children = (
				E0BE4BD027FA76BD0076403C /* shinghaLib */,
				E0BE4BCF27FA76BD0076403C /* Products */,
				D35A89F7A4DA39967D3792A2 /* Pods */,
				0BEE17421BFD6DFE6C852A06 /* Frameworks */,
			);
			sourceTree = "<group>";
		};
		E0BE4BCF27FA76BD0076403C /* Products */ = {
			isa = PBXGroup;
			children = (
				E0BE4BCE27FA76BD0076403C /* shinghaLib.app */,
			);
			name = Products;
			sourceTree = "<group>";
		};
		E0BE4BD027FA76BD0076403C /* shinghaLib */ = {
			isa = PBXGroup;
			children = (
				E0D026B6287416E600F7137A /* Common */,
				E0D026A2287416E600F7137A /* Extension */,
				E01B5241281E4B33009918AE /* Sources */,
				E0E6631D286491560084FD56 /* Resources */,
				E0E6632C286492070084FD56 /* Configuration */,
			);
			path = shinghaLib;
			sourceTree = "<group>";
		};
		E0D0266F287416C800F7137A /* Base */ = {
			isa = PBXGroup;
			children = (
				E0D02670287416C800F7137A /* BaseViewController.swift */,
				E0D02671287416C800F7137A /* BaseTableViewCell.swift */,
				E0D02672287416C800F7137A /* BaseCollectionViewCell.swift */,
				E0D02673287416C800F7137A /* BaseView.swift */,
			);
			path = Base;
			sourceTree = "<group>";
		};
		E0D02674287416C800F7137A /* Category */ = {
			isa = PBXGroup;
			children = (
				E0D02675287416C800F7137A /* CategoryType.swift */,
				E0D02676287416C800F7137A /* CategoryViewModel.swift */,
				E0D02677287416C800F7137A /* CategoryCoordinator.swift */,
				E0D02678287416C800F7137A /* View */,
				E0D0267B287416C800F7137A /* CategoryViewController.swift */,
			);
			path = Category;
			sourceTree = "<group>";
		};
		E0D02678287416C800F7137A /* View */ = {
			isa = PBXGroup;
			children = (
				E0D02679287416C800F7137A /* CategoryViewCell.swift */,
				E0D0267A287416C800F7137A /* CategoryViewCellModel.swift */,
			);
			path = View;
			sourceTree = "<group>";
		};
		E0D0267C287416C800F7137A /* MVVM */ = {
			isa = PBXGroup;
			children = (
				E0D0267D287416C800F7137A /* MVVM.swift */,
			);
			path = MVVM;
			sourceTree = "<group>";
		};
		E0D0267E287416C800F7137A /* TableView */ = {
			isa = PBXGroup;
			children = (
				E0D026F7287417DB00F7137A /* ExampleTableViewController.swift */,
				E0D02681287416C800F7137A /* ExampleTableViewModel.swift */,
				E0D02682287416C800F7137A /* ExampleTableViewCell.swift */,
				E0D02683287416C800F7137A /* Base */,
			);
			path = TableView;
			sourceTree = "<group>";
		};
		E0D02683287416C800F7137A /* Base */ = {
			isa = PBXGroup;
			children = (
				E0D02686287416C800F7137A /* View */,
				E0D02684287416C800F7137A /* TableViewType.swift */,
				E0D02685287416C800F7137A /* MainTableViewController.swift */,
				E0D02689287416C800F7137A /* TableViewCoordinator.swift */,
				E0D0268A287416C800F7137A /* MainTableViewModel.swift */,
			);
			path = Base;
			sourceTree = "<group>";
		};
		E0D02686287416C800F7137A /* View */ = {
			isa = PBXGroup;
			children = (
				E0D02687287416C800F7137A /* TableViewCellView.swift */,
				E0D02688287416C800F7137A /* TableViewCellViewModel.swift */,
			);
			path = View;
			sourceTree = "<group>";
		};
		E0D0268B287416C800F7137A /* Coordinator */ = {
			isa = PBXGroup;
			children = (
				E0D0268C287416C800F7137A /* Coordinator.swift */,
			);
			path = Coordinator;
			sourceTree = "<group>";
		};
		E0D026A2287416E600F7137A /* Extension */ = {
			isa = PBXGroup;
			children = (
				E0D026A3287416E600F7137A /* Combine */,
				E0D026A8287416E600F7137A /* UIKit */,
				E0D026AC287416E600F7137A /* Foundation */,
				E0D026B4287416E600F7137A /* Rx */,
			);
			name = Extension;
			path = Sources/Extension;
			sourceTree = "<group>";
		};
		E0D026A3287416E600F7137A /* Combine */ = {
			isa = PBXGroup;
			children = (
				E0D026A4287416E600F7137A /* Combine+UITextField+Extension.swift */,
				E0D026A5287416E600F7137A /* Combine+UITextView+Extension.swift */,
				E0D026A6287416E600F7137A /* Combine+UIConrtol+Extension.swift */,
				E0D026A7287416E600F7137A /* Combine+UISegmentedControl+Extension.swift */,
			);
			path = Combine;
			sourceTree = "<group>";
		};
		E0D026A8287416E600F7137A /* UIKit */ = {
			isa = PBXGroup;
			children = (
				E0D026A9287416E600F7137A /* UIColor+Extension.swift */,
				E0D026AA287416E600F7137A /* UIViewController+Extension.swift */,
				E0D026AB287416E600F7137A /* UITextField+Extension.swift */,
			);
			path = UIKit;
			sourceTree = "<group>";
		};
		E0D026AC287416E600F7137A /* Foundation */ = {
			isa = PBXGroup;
			children = (
				E0D026AD287416E600F7137A /* NSAttributedString+Extension.swift */,
				E0D026AE287416E600F7137A /* Int+Extension.swift */,
				E0D026AF287416E600F7137A /* Date+Extension.swift */,
				E0D026B0287416E600F7137A /* Optional+Extension.swift */,
				E0D026B1287416E600F7137A /* String+Extension.swift */,
				E0D026B2287416E600F7137A /* NSMutableAttributedString+Extension.swift */,
				E0D026B3287416E600F7137A /* Result+Extension.swift */,
			);
			path = Foundation;
			sourceTree = "<group>";
		};
		E0D026B4287416E600F7137A /* Rx */ = {
			isa = PBXGroup;
			children = (
				E0D026B5287416E600F7137A /* Rx+NotificationCenter+Extension.swift */,
			);
			path = Rx;
			sourceTree = "<group>";
		};
		E0D026B6287416E600F7137A /* Common */ = {
			isa = PBXGroup;
			children = (
				E0D026B7287416E600F7137A /* Camera */,
				E0D026BC287416E600F7137A /* Verification */,
				E0D026C4287416E600F7137A /* View */,
				E0D026C9287416E600F7137A /* Log */,
				E0D026CB287416E600F7137A /* Rx+ImageManager */,
				E0D026CD287416E600F7137A /* PropertyWrapper */,
			);
			name = Common;
			path = Sources/Common;
			sourceTree = "<group>";
		};
		E0D026B7287416E600F7137A /* Camera */ = {
			isa = PBXGroup;
			children = (
				E0D026B8287416E600F7137A /* View */,
				E0D026BA287416E600F7137A /* CameraSessionError.swift */,
				E0D026BB287416E600F7137A /* CameraSession.swift */,
			);
			path = Camera;
			sourceTree = "<group>";
		};
		E0D026B8287416E600F7137A /* View */ = {
			isa = PBXGroup;
			children = (
				E0D026B9287416E600F7137A /* PreviewView.swift */,
			);
			path = View;
			sourceTree = "<group>";
		};
		E0D026BC287416E600F7137A /* Verification */ = {
			isa = PBXGroup;
			children = (
				E0D026BD287416E600F7137A /* Verification.swift */,
				E0D026BE287416E600F7137A /* Type */,
			);
			path = Verification;
			sourceTree = "<group>";
		};
		E0D026BE287416E600F7137A /* Type */ = {
			isa = PBXGroup;
			children = (
				E0D026BF287416E600F7137A /* PhoneNumberValidate.swift */,
				E0D026C0287416E600F7137A /* PasswordVaildate.swift */,
				E0D026C1287416E600F7137A /* EmailValidate.swift */,
				E0D026C2287416E600F7137A /* UserIdVelidate.swift */,
				E0D026C3287416E600F7137A /* BaseValidate.swift */,
			);
			path = Type;
			sourceTree = "<group>";
		};
		E0D026C4287416E600F7137A /* View */ = {
			isa = PBXGroup;
			children = (
				E0D026C5287416E600F7137A /* BezierPathView.swift */,
				E0D026C6287416E600F7137A /* PlaceholderTextView.swift */,
				E0D026C7287416E600F7137A /* PaddingLabel.swift */,
				E0D026C8287416E600F7137A /* GradientView.swift */,
			);
			path = View;
			sourceTree = "<group>";
		};
		E0D026C9287416E600F7137A /* Log */ = {
			isa = PBXGroup;
			children = (
				E0D026CA287416E600F7137A /* Log.swift */,
			);
			path = Log;
			sourceTree = "<group>";
		};
		E0D026CB287416E600F7137A /* Rx+ImageManager */ = {
			isa = PBXGroup;
			children = (
				E0D026CC287416E600F7137A /* ImageManager.swift */,
			);
			path = "Rx+ImageManager";
			sourceTree = "<group>";
		};
		E0D026CD287416E600F7137A /* PropertyWrapper */ = {
			isa = PBXGroup;
			children = (
				E0D026CE287416E600F7137A /* UserDefault */,
				E0D026D0287416E600F7137A /* Inject */,
				E0D026D2287416E600F7137A /* DecoderBy */,
			);
			path = PropertyWrapper;
			sourceTree = "<group>";
		};
		E0D026CE287416E600F7137A /* UserDefault */ = {
			isa = PBXGroup;
			children = (
				E0D026CF287416E600F7137A /* UserDefault.swift */,
			);
			path = UserDefault;
			sourceTree = "<group>";
		};
		E0D026D0287416E600F7137A /* Inject */ = {
			isa = PBXGroup;
			children = (
				E0D026D1287416E600F7137A /* Inject.swift */,
			);
			path = Inject;
			sourceTree = "<group>";
		};
		E0D026D2287416E600F7137A /* DecoderBy */ = {
			isa = PBXGroup;
			children = (
				E0D026D3287416E600F7137A /* DecodedBy.swift */,
				E0D026D4287416E600F7137A /* PriceTransformer.swift */,
			);
			path = DecoderBy;
			sourceTree = "<group>";
		};
		E0E6631D286491560084FD56 /* Resources */ = {
			isa = PBXGroup;
			children = (
				E0E6631E286491560084FD56 /* Assets.xcassets */,
			);
			path = Resources;
			sourceTree = "<group>";
		};
		E0E66322286491A30084FD56 /* Present */ = {
			isa = PBXGroup;
			children = (
				E0D0266F287416C800F7137A /* Base */,
				E0D0268B287416C800F7137A /* Coordinator */,
				E0D0267C287416C800F7137A /* MVVM */,
				E0D02674287416C800F7137A /* Category */,
				E0D0267E287416C800F7137A /* TableView */,
			);
			path = Present;
			sourceTree = "<group>";
		};
		E0E6632C286492070084FD56 /* Configuration */ = {
			isa = PBXGroup;
			children = (
				E0BE4BDF27FA76BE0076403C /* Info.plist */,
			);
			path = Configuration;
			sourceTree = "<group>";
		};
/* End PBXGroup section */

/* Begin PBXNativeTarget section */
		E0BE4BCD27FA76BD0076403C /* shinghaLib */ = {
			isa = PBXNativeTarget;
			buildConfigurationList = E0BE4BE227FA76BE0076403C /* Build configuration list for PBXNativeTarget "shinghaLib" */;
			buildPhases = (
				19A5D3CA0F35EA6A1C9A4526 /* [CP] Check Pods Manifest.lock */,
				E0BE4BCA27FA76BD0076403C /* Sources */,
				E0BE4BCB27FA76BD0076403C /* Frameworks */,
				E0BE4BCC27FA76BD0076403C /* Resources */,
				7DEC8F4275B976BB5BBA596E /* [CP] Embed Pods Frameworks */,
				E0E6634928649E2F0084FD56 /* SwiftLint */,
			);
			buildRules = (
			);
			dependencies = (
			);
			name = shinghaLib;
			productName = shinghaLib;
			productReference = E0BE4BCE27FA76BD0076403C /* shinghaLib.app */;
			productType = "com.apple.product-type.application";
		};
/* End PBXNativeTarget section */

/* Begin PBXProject section */
		E0BE4BC627FA76BD0076403C /* Project object */ = {
			isa = PBXProject;
			attributes = {
				BuildIndependentTargetsInParallel = 1;
				LastSwiftUpdateCheck = 1330;
				LastUpgradeCheck = 1320;
				TargetAttributes = {
					E0BE4BCD27FA76BD0076403C = {
						CreatedOnToolsVersion = 13.2.1;
					};
				};
			};
			buildConfigurationList = E0BE4BC927FA76BD0076403C /* Build configuration list for PBXProject "shinghaLib" */;
			compatibilityVersion = "Xcode 13.0";
			developmentRegion = en;
			hasScannedForEncodings = 0;
			knownRegions = (
				en,
				Base,
			);
			mainGroup = E0BE4BC527FA76BD0076403C;
			productRefGroup = E0BE4BCF27FA76BD0076403C /* Products */;
			projectDirPath = "";
			projectRoot = "";
			targets = (
				E0BE4BCD27FA76BD0076403C /* shinghaLib */,
			);
		};
/* End PBXProject section */

/* Begin PBXResourcesBuildPhase section */
		E0BE4BCC27FA76BD0076403C /* Resources */ = {
			isa = PBXResourcesBuildPhase;
			buildActionMask = 2147483647;
			files = (
				E0E6631F286491560084FD56 /* Assets.xcassets in Resources */,
			);
			runOnlyForDeploymentPostprocessing = 0;
		};
/* End PBXResourcesBuildPhase section */

/* Begin PBXShellScriptBuildPhase section */
		19A5D3CA0F35EA6A1C9A4526 /* [CP] Check Pods Manifest.lock */ = {
			isa = PBXShellScriptBuildPhase;
			buildActionMask = 2147483647;
			files = (
			);
			inputFileListPaths = (
			);
			inputPaths = (
				"${PODS_PODFILE_DIR_PATH}/Podfile.lock",
				"${PODS_ROOT}/Manifest.lock",
			);
			name = "[CP] Check Pods Manifest.lock";
			outputFileListPaths = (
			);
			outputPaths = (
				"$(DERIVED_FILE_DIR)/Pods-shinghaLib-checkManifestLockResult.txt",
			);
			runOnlyForDeploymentPostprocessing = 0;
			shellPath = /bin/sh;
			shellScript = "diff \"${PODS_PODFILE_DIR_PATH}/Podfile.lock\" \"${PODS_ROOT}/Manifest.lock\" > /dev/null\nif [ $? != 0 ] ; then\n    # print error to STDERR\n    echo \"error: The sandbox is not in sync with the Podfile.lock. Run 'pod install' or update your CocoaPods installation.\" >&2\n    exit 1\nfi\n# This output is used by Xcode 'outputs' to avoid re-running this script phase.\necho \"SUCCESS\" > \"${SCRIPT_OUTPUT_FILE_0}\"\n";
			showEnvVarsInLog = 0;
		};
		7DEC8F4275B976BB5BBA596E /* [CP] Embed Pods Frameworks */ = {
			isa = PBXShellScriptBuildPhase;
			buildActionMask = 2147483647;
			files = (
			);
			inputFileListPaths = (
				"${PODS_ROOT}/Target Support Files/Pods-shinghaLib/Pods-shinghaLib-frameworks-${CONFIGURATION}-input-files.xcfilelist",
			);
			name = "[CP] Embed Pods Frameworks";
			outputFileListPaths = (
				"${PODS_ROOT}/Target Support Files/Pods-shinghaLib/Pods-shinghaLib-frameworks-${CONFIGURATION}-output-files.xcfilelist",
			);
			runOnlyForDeploymentPostprocessing = 0;
			shellPath = /bin/sh;
			shellScript = "\"${PODS_ROOT}/Target Support Files/Pods-shinghaLib/Pods-shinghaLib-frameworks.sh\"\n";
			showEnvVarsInLog = 0;
		};
		E0E6634928649E2F0084FD56 /* SwiftLint */ = {
			isa = PBXShellScriptBuildPhase;
			buildActionMask = 2147483647;
			files = (
			);
			inputFileListPaths = (
			);
			inputPaths = (
			);
			name = SwiftLint;
			outputFileListPaths = (
			);
			outputPaths = (
			);
			runOnlyForDeploymentPostprocessing = 0;
			shellPath = /bin/sh;
			shellScript = "\"${PODS_ROOT}/SwiftLint/swiftlint\"\n";
		};
/* End PBXShellScriptBuildPhase section */

/* Begin PBXSourcesBuildPhase section */
		E0BE4BCA27FA76BD0076403C /* Sources */ = {
			isa = PBXSourcesBuildPhase;
			buildActionMask = 2147483647;
			files = (
				E01B5233281E49CA009918AE /* NetworkResult.swift in Sources */,
				E0D026DE287416E600F7137A /* Date+Extension.swift in Sources */,
				E0D026F3287416E600F7137A /* UserDefault.swift in Sources */,
				E0D026F6287416E600F7137A /* PriceTransformer.swift in Sources */,
				E01B5232281E49CA009918AE /* SessionError.swift in Sources */,
				E0D026E5287416E600F7137A /* CameraSessionError.swift in Sources */,
				E0D02693287416C900F7137A /* CategoryCoordinator.swift in Sources */,
				E01B5234281E49CA009918AE /* URLSessionProvider.swift in Sources */,
				E0D026E6287416E600F7137A /* CameraSession.swift in Sources */,
				E0D02695287416C900F7137A /* CategoryViewCellModel.swift in Sources */,
				E0D02690287416C900F7137A /* BaseView.swift in Sources */,
				E0D026DD287416E600F7137A /* Int+Extension.swift in Sources */,
				E0D026F2287416E600F7137A /* ImageManager.swift in Sources */,
				E0D0269C287416C900F7137A /* MainTableViewController.swift in Sources */,
				E0D026DA287416E600F7137A /* UIViewController+Extension.swift in Sources */,
				E0D0269E287416C900F7137A /* TableViewCellViewModel.swift in Sources */,
				E0D026E0287416E600F7137A /* String+Extension.swift in Sources */,
				E0D0269B287416C900F7137A /* TableViewType.swift in Sources */,
				E0D026A1287416C900F7137A /* Coordinator.swift in Sources */,
				E0D026ED287416E600F7137A /* BezierPathView.swift in Sources */,
				E0E6633328649A590084FD56 /* AppCoordinator.swift in Sources */,
				E0D026E9287416E600F7137A /* PasswordVaildate.swift in Sources */,
				E0D026F0287416E600F7137A /* GradientView.swift in Sources */,
				E01B522F281E49CA009918AE /* NetworkRepository.swift in Sources */,
				E0D02696287416C900F7137A /* CategoryViewController.swift in Sources */,
				E0D026A0287416C900F7137A /* MainTableViewModel.swift in Sources */,
				E0D0268D287416C900F7137A /* BaseViewController.swift in Sources */,
				E0E66328286491A30084FD56 /* AppDelegate.swift in Sources */,
				E0D026EB287416E600F7137A /* UserIdVelidate.swift in Sources */,
				E0D026EF287416E600F7137A /* PaddingLabel.swift in Sources */,
				E01B523D281E4A21009918AE /* HTTPMethod.swift in Sources */,
				E0D026F1287416E600F7137A /* Log.swift in Sources */,
				E01B5231281E49CA009918AE /* URLSessionProtocol.swift in Sources */,
				E0D026DF287416E600F7137A /* Optional+Extension.swift in Sources */,
				E0D026E2287416E600F7137A /* Result+Extension.swift in Sources */,
				E0D02692287416C900F7137A /* CategoryViewModel.swift in Sources */,
				E0D026D8287416E600F7137A /* Combine+UISegmentedControl+Extension.swift in Sources */,
				E0D026E7287416E600F7137A /* Verification.swift in Sources */,
				E0D026D5287416E600F7137A /* Combine+UITextField+Extension.swift in Sources */,
				E0D0268F287416C900F7137A /* BaseCollectionViewCell.swift in Sources */,
				E0D02694287416C900F7137A /* CategoryViewCell.swift in Sources */,
				E0D0269A287416C900F7137A /* ExampleTableViewCell.swift in Sources */,
				E0D0269D287416C900F7137A /* TableViewCellView.swift in Sources */,
				E0D026DC287416E600F7137A /* NSAttributedString+Extension.swift in Sources */,
				E0D026EE287416E600F7137A /* PlaceholderTextView.swift in Sources */,
				E01B523F281E4A21009918AE /* EndPoint.swift in Sources */,
				E0D02699287416C900F7137A /* ExampleTableViewModel.swift in Sources */,
				E01B523E281E4A21009918AE /* ApiResult.swift in Sources */,
				E0D026F8287417DB00F7137A /* ExampleTableViewController.swift in Sources */,
				E0D026EA287416E600F7137A /* EmailValidate.swift in Sources */,
				E0E66327286491A30084FD56 /* SceneDelegate.swift in Sources */,
				E0D026F4287416E600F7137A /* Inject.swift in Sources */,
				E0D02697287416C900F7137A /* MVVM.swift in Sources */,
				E0D026DB287416E600F7137A /* UITextField+Extension.swift in Sources */,
				E0D026E1287416E600F7137A /* NSMutableAttributedString+Extension.swift in Sources */,
				E0D026E8287416E600F7137A /* PhoneNumberValidate.swift in Sources */,
				E0D026E3287416E600F7137A /* Rx+NotificationCenter+Extension.swift in Sources */,
				E01B523C281E4A21009918AE /* HttpContentType.swift in Sources */,
				E0D026F5287416E600F7137A /* DecodedBy.swift in Sources */,
				E0D026D6287416E600F7137A /* Combine+UITextView+Extension.swift in Sources */,
				E0D026EC287416E600F7137A /* BaseValidate.swift in Sources */,
				E0D0269F287416C900F7137A /* TableViewCoordinator.swift in Sources */,
				E0D026D7287416E600F7137A /* Combine+UIConrtol+Extension.swift in Sources */,
				E0D026E4287416E600F7137A /* PreviewView.swift in Sources */,
				E0D0268E287416C900F7137A /* BaseTableViewCell.swift in Sources */,
				E0D026D9287416E600F7137A /* UIColor+Extension.swift in Sources */,
				E01B5230281E49CA009918AE /* NetworkApiRepository.swift in Sources */,
				E0D02691287416C900F7137A /* CategoryType.swift in Sources */,
			);
			runOnlyForDeploymentPostprocessing = 0;
		};
/* End PBXSourcesBuildPhase section */

/* Begin XCBuildConfiguration section */
		E0BE4BE027FA76BE0076403C /* Debug */ = {
			isa = XCBuildConfiguration;
			buildSettings = {
				ALWAYS_SEARCH_USER_PATHS = NO;
				CLANG_ANALYZER_NONNULL = YES;
				CLANG_ANALYZER_NUMBER_OBJECT_CONVERSION = YES_AGGRESSIVE;
				CLANG_CXX_LANGUAGE_STANDARD = "gnu++17";
				CLANG_CXX_LIBRARY = "libc++";
				CLANG_ENABLE_MODULES = YES;
				CLANG_ENABLE_OBJC_ARC = YES;
				CLANG_ENABLE_OBJC_WEAK = YES;
				CLANG_WARN_BLOCK_CAPTURE_AUTORELEASING = YES;
				CLANG_WARN_BOOL_CONVERSION = YES;
				CLANG_WARN_COMMA = YES;
				CLANG_WARN_CONSTANT_CONVERSION = YES;
				CLANG_WARN_DEPRECATED_OBJC_IMPLEMENTATIONS = YES;
				CLANG_WARN_DIRECT_OBJC_ISA_USAGE = YES_ERROR;
				CLANG_WARN_DOCUMENTATION_COMMENTS = YES;
				CLANG_WARN_EMPTY_BODY = YES;
				CLANG_WARN_ENUM_CONVERSION = YES;
				CLANG_WARN_INFINITE_RECURSION = YES;
				CLANG_WARN_INT_CONVERSION = YES;
				CLANG_WARN_NON_LITERAL_NULL_CONVERSION = YES;
				CLANG_WARN_OBJC_IMPLICIT_RETAIN_SELF = YES;
				CLANG_WARN_OBJC_LITERAL_CONVERSION = YES;
				CLANG_WARN_OBJC_ROOT_CLASS = YES_ERROR;
				CLANG_WARN_QUOTED_INCLUDE_IN_FRAMEWORK_HEADER = YES;
				CLANG_WARN_RANGE_LOOP_ANALYSIS = YES;
				CLANG_WARN_STRICT_PROTOTYPES = YES;
				CLANG_WARN_SUSPICIOUS_MOVE = YES;
				CLANG_WARN_UNGUARDED_AVAILABILITY = YES_AGGRESSIVE;
				CLANG_WARN_UNREACHABLE_CODE = YES;
				CLANG_WARN__DUPLICATE_METHOD_MATCH = YES;
				COPY_PHASE_STRIP = NO;
				DEBUG_INFORMATION_FORMAT = dwarf;
				ENABLE_STRICT_OBJC_MSGSEND = YES;
				ENABLE_TESTABILITY = YES;
				GCC_C_LANGUAGE_STANDARD = gnu11;
				GCC_DYNAMIC_NO_PIC = NO;
				GCC_NO_COMMON_BLOCKS = YES;
				GCC_OPTIMIZATION_LEVEL = 0;
				GCC_PREPROCESSOR_DEFINITIONS = (
					"DEBUG=1",
					"$(inherited)",
				);
				GCC_WARN_64_TO_32_BIT_CONVERSION = YES;
				GCC_WARN_ABOUT_RETURN_TYPE = YES_ERROR;
				GCC_WARN_UNDECLARED_SELECTOR = YES;
				GCC_WARN_UNINITIALIZED_AUTOS = YES_AGGRESSIVE;
				GCC_WARN_UNUSED_FUNCTION = YES;
				GCC_WARN_UNUSED_VARIABLE = YES;
				IPHONEOS_DEPLOYMENT_TARGET = 14.0;
				MTL_ENABLE_DEBUG_INFO = INCLUDE_SOURCE;
				MTL_FAST_MATH = YES;
				ONLY_ACTIVE_ARCH = YES;
				SDKROOT = iphoneos;
				SWIFT_ACTIVE_COMPILATION_CONDITIONS = DEBUG;
				SWIFT_OPTIMIZATION_LEVEL = "-Onone";
			};
			name = Debug;
		};
		E0BE4BE127FA76BE0076403C /* Release */ = {
			isa = XCBuildConfiguration;
			buildSettings = {
				ALWAYS_SEARCH_USER_PATHS = NO;
				CLANG_ANALYZER_NONNULL = YES;
				CLANG_ANALYZER_NUMBER_OBJECT_CONVERSION = YES_AGGRESSIVE;
				CLANG_CXX_LANGUAGE_STANDARD = "gnu++17";
				CLANG_CXX_LIBRARY = "libc++";
				CLANG_ENABLE_MODULES = YES;
				CLANG_ENABLE_OBJC_ARC = YES;
				CLANG_ENABLE_OBJC_WEAK = YES;
				CLANG_WARN_BLOCK_CAPTURE_AUTORELEASING = YES;
				CLANG_WARN_BOOL_CONVERSION = YES;
				CLANG_WARN_COMMA = YES;
				CLANG_WARN_CONSTANT_CONVERSION = YES;
				CLANG_WARN_DEPRECATED_OBJC_IMPLEMENTATIONS = YES;
				CLANG_WARN_DIRECT_OBJC_ISA_USAGE = YES_ERROR;
				CLANG_WARN_DOCUMENTATION_COMMENTS = YES;
				CLANG_WARN_EMPTY_BODY = YES;
				CLANG_WARN_ENUM_CONVERSION = YES;
				CLANG_WARN_INFINITE_RECURSION = YES;
				CLANG_WARN_INT_CONVERSION = YES;
				CLANG_WARN_NON_LITERAL_NULL_CONVERSION = YES;
				CLANG_WARN_OBJC_IMPLICIT_RETAIN_SELF = YES;
				CLANG_WARN_OBJC_LITERAL_CONVERSION = YES;
				CLANG_WARN_OBJC_ROOT_CLASS = YES_ERROR;
				CLANG_WARN_QUOTED_INCLUDE_IN_FRAMEWORK_HEADER = YES;
				CLANG_WARN_RANGE_LOOP_ANALYSIS = YES;
				CLANG_WARN_STRICT_PROTOTYPES = YES;
				CLANG_WARN_SUSPICIOUS_MOVE = YES;
				CLANG_WARN_UNGUARDED_AVAILABILITY = YES_AGGRESSIVE;
				CLANG_WARN_UNREACHABLE_CODE = YES;
				CLANG_WARN__DUPLICATE_METHOD_MATCH = YES;
				COPY_PHASE_STRIP = NO;
				DEBUG_INFORMATION_FORMAT = "dwarf-with-dsym";
				ENABLE_NS_ASSERTIONS = NO;
				ENABLE_STRICT_OBJC_MSGSEND = YES;
				GCC_C_LANGUAGE_STANDARD = gnu11;
				GCC_NO_COMMON_BLOCKS = YES;
				GCC_WARN_64_TO_32_BIT_CONVERSION = YES;
				GCC_WARN_ABOUT_RETURN_TYPE = YES_ERROR;
				GCC_WARN_UNDECLARED_SELECTOR = YES;
				GCC_WARN_UNINITIALIZED_AUTOS = YES_AGGRESSIVE;
				GCC_WARN_UNUSED_FUNCTION = YES;
				GCC_WARN_UNUSED_VARIABLE = YES;
				IPHONEOS_DEPLOYMENT_TARGET = 14.0;
				MTL_ENABLE_DEBUG_INFO = NO;
				MTL_FAST_MATH = YES;
				SDKROOT = iphoneos;
				SWIFT_COMPILATION_MODE = wholemodule;
				SWIFT_OPTIMIZATION_LEVEL = "-O";
				VALIDATE_PRODUCT = YES;
			};
			name = Release;
		};
		E0BE4BE327FA76BE0076403C /* Debug */ = {
			isa = XCBuildConfiguration;
			baseConfigurationReference = EA086B1938819B6EC2D63118 /* Pods-shinghaLib.debug.xcconfig */;
			buildSettings = {
				ASSETCATALOG_COMPILER_APPICON_NAME = AppIcon;
				ASSETCATALOG_COMPILER_GLOBAL_ACCENT_COLOR_NAME = AccentColor;
				CODE_SIGN_STYLE = Automatic;
				CURRENT_PROJECT_VERSION = 1;
				GENERATE_INFOPLIST_FILE = YES;
				INFOPLIST_FILE = shinghaLib/Configuration/Info.plist;
				INFOPLIST_KEY_UIApplicationSupportsIndirectInputEvents = YES;
				INFOPLIST_KEY_UILaunchStoryboardName = LaunchScreen;
				INFOPLIST_KEY_UISupportedInterfaceOrientations_iPad = "UIInterfaceOrientationPortrait UIInterfaceOrientationPortraitUpsideDown UIInterfaceOrientationLandscapeLeft UIInterfaceOrientationLandscapeRight";
				INFOPLIST_KEY_UISupportedInterfaceOrientations_iPhone = "UIInterfaceOrientationPortrait UIInterfaceOrientationLandscapeLeft UIInterfaceOrientationLandscapeRight";
				LD_RUNPATH_SEARCH_PATHS = (
					"$(inherited)",
					"@executable_path/Frameworks",
				);
				MARKETING_VERSION = 1.0;
				PRODUCT_BUNDLE_IDENTIFIER = com.shingha.shinghaLib;
				PRODUCT_NAME = "$(TARGET_NAME)";
				SWIFT_EMIT_LOC_STRINGS = YES;
				SWIFT_VERSION = 5.0;
				TARGETED_DEVICE_FAMILY = "1,2";
			};
			name = Debug;
		};
		E0BE4BE427FA76BE0076403C /* Release */ = {
			isa = XCBuildConfiguration;
			baseConfigurationReference = EE994925FC08BA478BD5ECDA /* Pods-shinghaLib.release.xcconfig */;
			buildSettings = {
				ASSETCATALOG_COMPILER_APPICON_NAME = AppIcon;
				ASSETCATALOG_COMPILER_GLOBAL_ACCENT_COLOR_NAME = AccentColor;
				CODE_SIGN_STYLE = Automatic;
				CURRENT_PROJECT_VERSION = 1;
				GENERATE_INFOPLIST_FILE = YES;
				INFOPLIST_FILE = shinghaLib/Configuration/Info.plist;
				INFOPLIST_KEY_UIApplicationSupportsIndirectInputEvents = YES;
				INFOPLIST_KEY_UILaunchStoryboardName = LaunchScreen;
				INFOPLIST_KEY_UISupportedInterfaceOrientations_iPad = "UIInterfaceOrientationPortrait UIInterfaceOrientationPortraitUpsideDown UIInterfaceOrientationLandscapeLeft UIInterfaceOrientationLandscapeRight";
				INFOPLIST_KEY_UISupportedInterfaceOrientations_iPhone = "UIInterfaceOrientationPortrait UIInterfaceOrientationLandscapeLeft UIInterfaceOrientationLandscapeRight";
				LD_RUNPATH_SEARCH_PATHS = (
					"$(inherited)",
					"@executable_path/Frameworks",
				);
				MARKETING_VERSION = 1.0;
				PRODUCT_BUNDLE_IDENTIFIER = com.shingha.shinghaLib;
				PRODUCT_NAME = "$(TARGET_NAME)";
				SWIFT_EMIT_LOC_STRINGS = YES;
				SWIFT_VERSION = 5.0;
				TARGETED_DEVICE_FAMILY = "1,2";
			};
			name = Release;
		};
/* End XCBuildConfiguration section */

/* Begin XCConfigurationList section */
		E0BE4BC927FA76BD0076403C /* Build configuration list for PBXProject "shinghaLib" */ = {
			isa = XCConfigurationList;
			buildConfigurations = (
				E0BE4BE027FA76BE0076403C /* Debug */,
				E0BE4BE127FA76BE0076403C /* Release */,
			);
			defaultConfigurationIsVisible = 0;
			defaultConfigurationName = Release;
		};
		E0BE4BE227FA76BE0076403C /* Build configuration list for PBXNativeTarget "shinghaLib" */ = {
			isa = XCConfigurationList;
			buildConfigurations = (
				E0BE4BE327FA76BE0076403C /* Debug */,
				E0BE4BE427FA76BE0076403C /* Release */,
			);
			defaultConfigurationIsVisible = 0;
			defaultConfigurationName = Release;
		};
/* End XCConfigurationList section */
	};
	rootObject = E0BE4BC627FA76BD0076403C /* Project object */;
}
