// !$*UTF8*$!
{
	archiveVersion = 1;
	classes = {
	};
	objectVersion = 55;
	objects = {

/* Begin PBXBuildFile section */
		14213E92FF4C6E62C3600C37 /* Pods_shinghaLibrary.framework in Frameworks */ = {isa = PBXBuildFile; fileRef = F46F822F2439CDE5DE89515E /* Pods_shinghaLibrary.framework */; };
		47E8CDE03189FA002100D5C8 /* Pods_shinghaLib.framework in Frameworks */ = {isa = PBXBuildFile; fileRef = F25CDC50D53C9E48AAEF1F10 /* Pods_shinghaLib.framework */; };
		E01B522F281E49CA009918AE /* NetworkRepository.swift in Sources */ = {isa = PBXBuildFile; fileRef = E01B5228281E49CA009918AE /* NetworkRepository.swift */; };
		E01B5230281E49CA009918AE /* NetworkApiRepository.swift in Sources */ = {isa = PBXBuildFile; fileRef = E01B5229281E49CA009918AE /* NetworkApiRepository.swift */; };
		E01B5231281E49CA009918AE /* URLSessionProtocol.swift in Sources */ = {isa = PBXBuildFile; fileRef = E01B522B281E49CA009918AE /* URLSessionProtocol.swift */; };
		E01B5232281E49CA009918AE /* SessionError.swift in Sources */ = {isa = PBXBuildFile; fileRef = E01B522C281E49CA009918AE /* SessionError.swift */; };
		E01B5233281E49CA009918AE /* NetworkResult.swift in Sources */ = {isa = PBXBuildFile; fileRef = E01B522D281E49CA009918AE /* NetworkResult.swift */; };
		E01B5234281E49CA009918AE /* URLSessionProvider.swift in Sources */ = {isa = PBXBuildFile; fileRef = E01B522E281E49CA009918AE /* URLSessionProvider.swift */; };
		E01B523C281E4A21009918AE /* HttpContentType.swift in Sources */ = {isa = PBXBuildFile; fileRef = E01B5238281E4A21009918AE /* HttpContentType.swift */; };
		E01B523D281E4A21009918AE /* HTTPMethod.swift in Sources */ = {isa = PBXBuildFile; fileRef = E01B5239281E4A21009918AE /* HTTPMethod.swift */; };
		E01B523E281E4A21009918AE /* ApiResult.swift in Sources */ = {isa = PBXBuildFile; fileRef = E01B523A281E4A21009918AE /* ApiResult.swift */; };
		E01B523F281E4A21009918AE /* EndPoint.swift in Sources */ = {isa = PBXBuildFile; fileRef = E01B523B281E4A21009918AE /* EndPoint.swift */; };
		E0E03877285230AE003B98AF /* Verification.swift in Sources */ = {isa = PBXBuildFile; fileRef = E0E03852285230AE003B98AF /* Verification.swift */; };
		E0E03878285230AE003B98AF /* PhoneNumberValidate.swift in Sources */ = {isa = PBXBuildFile; fileRef = E0E03854285230AE003B98AF /* PhoneNumberValidate.swift */; };
		E0E03879285230AE003B98AF /* PasswordVaildate.swift in Sources */ = {isa = PBXBuildFile; fileRef = E0E03855285230AE003B98AF /* PasswordVaildate.swift */; };
		E0E0387A285230AE003B98AF /* EmailValidate.swift in Sources */ = {isa = PBXBuildFile; fileRef = E0E03856285230AE003B98AF /* EmailValidate.swift */; };
		E0E0387B285230AE003B98AF /* UserIdVelidate.swift in Sources */ = {isa = PBXBuildFile; fileRef = E0E03857285230AE003B98AF /* UserIdVelidate.swift */; };
		E0E0387C285230AE003B98AF /* BaseValidate.swift in Sources */ = {isa = PBXBuildFile; fileRef = E0E03858285230AE003B98AF /* BaseValidate.swift */; };
		E0E0387D285230AE003B98AF /* GradientView.swift in Sources */ = {isa = PBXBuildFile; fileRef = E0E0385B285230AE003B98AF /* GradientView.swift */; };
		E0E0387E285230AE003B98AF /* Log.swift in Sources */ = {isa = PBXBuildFile; fileRef = E0E0385D285230AE003B98AF /* Log.swift */; };
		E0E0387F285230AE003B98AF /* ImageManager.swift in Sources */ = {isa = PBXBuildFile; fileRef = E0E0385F285230AE003B98AF /* ImageManager.swift */; };
		E0E03880285230AE003B98AF /* UserDefault.swift in Sources */ = {isa = PBXBuildFile; fileRef = E0E03862285230AE003B98AF /* UserDefault.swift */; };
		E0E03881285230AE003B98AF /* Inject.swift in Sources */ = {isa = PBXBuildFile; fileRef = E0E03864285230AE003B98AF /* Inject.swift */; };
		E0E03882285230AE003B98AF /* DecodedBy.swift in Sources */ = {isa = PBXBuildFile; fileRef = E0E03866285230AE003B98AF /* DecodedBy.swift */; };
		E0E03883285230AE003B98AF /* PriceTransformer.swift in Sources */ = {isa = PBXBuildFile; fileRef = E0E03867285230AE003B98AF /* PriceTransformer.swift */; };
		E0E03884285230AE003B98AF /* Combine+UIConrtol+Extension.swift in Sources */ = {isa = PBXBuildFile; fileRef = E0E0386A285230AE003B98AF /* Combine+UIConrtol+Extension.swift */; };
		E0E03885285230AE003B98AF /* Combine+UISegmentedControl+Extension.swift in Sources */ = {isa = PBXBuildFile; fileRef = E0E0386B285230AE003B98AF /* Combine+UISegmentedControl+Extension.swift */; };
		E0E03886285230AE003B98AF /* Combine+UITextField+Extension.swift in Sources */ = {isa = PBXBuildFile; fileRef = E0E0386C285230AE003B98AF /* Combine+UITextField+Extension.swift */; };
		E0E03887285230AE003B98AF /* NSAttributedString+Extension.swift in Sources */ = {isa = PBXBuildFile; fileRef = E0E0386E285230AE003B98AF /* NSAttributedString+Extension.swift */; };
		E0E03888285230AE003B98AF /* Int+Extension.swift in Sources */ = {isa = PBXBuildFile; fileRef = E0E0386F285230AE003B98AF /* Int+Extension.swift */; };
		E0E03889285230AE003B98AF /* Date+Extension.swift in Sources */ = {isa = PBXBuildFile; fileRef = E0E03870285230AE003B98AF /* Date+Extension.swift */; };
		E0E0388A285230AE003B98AF /* Optional+Extension.swift in Sources */ = {isa = PBXBuildFile; fileRef = E0E03871285230AE003B98AF /* Optional+Extension.swift */; };
		E0E0388B285230AE003B98AF /* String+Extension.swift in Sources */ = {isa = PBXBuildFile; fileRef = E0E03872285230AE003B98AF /* String+Extension.swift */; };
		E0E0388C285230AE003B98AF /* NSMutableAttributedString+Extension.swift in Sources */ = {isa = PBXBuildFile; fileRef = E0E03873285230AE003B98AF /* NSMutableAttributedString+Extension.swift */; };
		E0E0388D285230AE003B98AF /* Result+Extension.swift in Sources */ = {isa = PBXBuildFile; fileRef = E0E03874285230AE003B98AF /* Result+Extension.swift */; };
		E0E0388E285230AE003B98AF /* Rx+NotificationCenter+Extension.swift in Sources */ = {isa = PBXBuildFile; fileRef = E0E03876285230AE003B98AF /* Rx+NotificationCenter+Extension.swift */; };
		E0E038A4285233E3003B98AF /* UIViewController+Extension.swift in Sources */ = {isa = PBXBuildFile; fileRef = E0E038A3285233E3003B98AF /* UIViewController+Extension.swift */; };
		E0E038AA2852342A003B98AF /* CameraSession.swift in Sources */ = {isa = PBXBuildFile; fileRef = E0E038A62852342A003B98AF /* CameraSession.swift */; };
		E0E038AB2852342A003B98AF /* PreviewView.swift in Sources */ = {isa = PBXBuildFile; fileRef = E0E038A82852342A003B98AF /* PreviewView.swift */; };
		E0E038AC2852342A003B98AF /* CameraSessionError.swift in Sources */ = {isa = PBXBuildFile; fileRef = E0E038A92852342A003B98AF /* CameraSessionError.swift */; };
		E0E038AF2852346C003B98AF /* PaddingLabel.swift in Sources */ = {isa = PBXBuildFile; fileRef = E0E038AE2852346C003B98AF /* PaddingLabel.swift */; };
		E0E038B12852352C003B98AF /* UITextField+Extension.swift in Sources */ = {isa = PBXBuildFile; fileRef = E0E038B02852352C003B98AF /* UITextField+Extension.swift */; };
		E0E038B3285235F8003B98AF /* Combine+UITextView+Extension.swift in Sources */ = {isa = PBXBuildFile; fileRef = E0E038B2285235F8003B98AF /* Combine+UITextView+Extension.swift */; };
		E0E038B628523630003B98AF /* PlaceholderTextView.swift in Sources */ = {isa = PBXBuildFile; fileRef = E0E038B528523630003B98AF /* PlaceholderTextView.swift */; };
		E0E038B828523925003B98AF /* BezierPathView.swift in Sources */ = {isa = PBXBuildFile; fileRef = E0E038B728523925003B98AF /* BezierPathView.swift */; };
		E0E6631F286491560084FD56 /* Assets.xcassets in Resources */ = {isa = PBXBuildFile; fileRef = E0E6631E286491560084FD56 /* Assets.xcassets */; };
		E0E66327286491A30084FD56 /* SceneDelegate.swift in Sources */ = {isa = PBXBuildFile; fileRef = E0E66320286491A30084FD56 /* SceneDelegate.swift */; };
		E0E66328286491A30084FD56 /* AppDelegate.swift in Sources */ = {isa = PBXBuildFile; fileRef = E0E66321286491A30084FD56 /* AppDelegate.swift */; };
		E0E6632A286491A30084FD56 /* MainViewController.swift in Sources */ = {isa = PBXBuildFile; fileRef = E0E66325286491A30084FD56 /* MainViewController.swift */; };
		E0E6632B286491A30084FD56 /* MainViewModel.swift in Sources */ = {isa = PBXBuildFile; fileRef = E0E66326286491A30084FD56 /* MainViewModel.swift */; };
		E0E6633328649A590084FD56 /* AppCoordinator.swift in Sources */ = {isa = PBXBuildFile; fileRef = E0E6633228649A590084FD56 /* AppCoordinator.swift */; };
		E0E6634028649B340084FD56 /* MVVM.swift in Sources */ = {isa = PBXBuildFile; fileRef = E0E6633828649B340084FD56 /* MVVM.swift */; };
		E0E6634128649B340084FD56 /* Coordinator.swift in Sources */ = {isa = PBXBuildFile; fileRef = E0E6633928649B340084FD56 /* Coordinator.swift */; };
		E0E6634228649B340084FD56 /* BaseViewController.swift in Sources */ = {isa = PBXBuildFile; fileRef = E0E6633B28649B340084FD56 /* BaseViewController.swift */; };
		E0E6634328649B340084FD56 /* BaseTableViewCell.swift in Sources */ = {isa = PBXBuildFile; fileRef = E0E6633C28649B340084FD56 /* BaseTableViewCell.swift */; };
		E0E6634428649B340084FD56 /* BaseCollectionViewCell.swift in Sources */ = {isa = PBXBuildFile; fileRef = E0E6633D28649B340084FD56 /* BaseCollectionViewCell.swift */; };
		E0E6634528649B340084FD56 /* BaseCoordinator.swift in Sources */ = {isa = PBXBuildFile; fileRef = E0E6633E28649B340084FD56 /* BaseCoordinator.swift */; };
		E0E6634628649B340084FD56 /* BaseView.swift in Sources */ = {isa = PBXBuildFile; fileRef = E0E6633F28649B340084FD56 /* BaseView.swift */; };
		E0E6634828649D7C0084FD56 /* MainCoordinator.swift in Sources */ = {isa = PBXBuildFile; fileRef = E0E6634728649D7C0084FD56 /* MainCoordinator.swift */; };
/* End PBXBuildFile section */

/* Begin PBXCopyFilesBuildPhase section */
		E0E038472852307C003B98AF /* CopyFiles */ = {
			isa = PBXCopyFilesBuildPhase;
			buildActionMask = 2147483647;
			dstPath = "include/$(PRODUCT_NAME)";
			dstSubfolderSpec = 16;
			files = (
			);
			runOnlyForDeploymentPostprocessing = 0;
		};
/* End PBXCopyFilesBuildPhase section */

/* Begin PBXFileReference section */
		1DFDFE6E4D8BDCE1FE2E999D /* Pods-shinghaLibrary.debug.xcconfig */ = {isa = PBXFileReference; includeInIndex = 1; lastKnownFileType = text.xcconfig; name = "Pods-shinghaLibrary.debug.xcconfig"; path = "Target Support Files/Pods-shinghaLibrary/Pods-shinghaLibrary.debug.xcconfig"; sourceTree = "<group>"; };
		68063B54E12ABF71CEB627D0 /* Pods-shinghaLibrary.release.xcconfig */ = {isa = PBXFileReference; includeInIndex = 1; lastKnownFileType = text.xcconfig; name = "Pods-shinghaLibrary.release.xcconfig"; path = "Target Support Files/Pods-shinghaLibrary/Pods-shinghaLibrary.release.xcconfig"; sourceTree = "<group>"; };
		E01B5228281E49CA009918AE /* NetworkRepository.swift */ = {isa = PBXFileReference; fileEncoding = 4; lastKnownFileType = sourcecode.swift; path = NetworkRepository.swift; sourceTree = "<group>"; };
		E01B5229281E49CA009918AE /* NetworkApiRepository.swift */ = {isa = PBXFileReference; fileEncoding = 4; lastKnownFileType = sourcecode.swift; path = NetworkApiRepository.swift; sourceTree = "<group>"; };
		E01B522B281E49CA009918AE /* URLSessionProtocol.swift */ = {isa = PBXFileReference; fileEncoding = 4; lastKnownFileType = sourcecode.swift; path = URLSessionProtocol.swift; sourceTree = "<group>"; };
		E01B522C281E49CA009918AE /* SessionError.swift */ = {isa = PBXFileReference; fileEncoding = 4; lastKnownFileType = sourcecode.swift; path = SessionError.swift; sourceTree = "<group>"; };
		E01B522D281E49CA009918AE /* NetworkResult.swift */ = {isa = PBXFileReference; fileEncoding = 4; lastKnownFileType = sourcecode.swift; path = NetworkResult.swift; sourceTree = "<group>"; };
		E01B522E281E49CA009918AE /* URLSessionProvider.swift */ = {isa = PBXFileReference; fileEncoding = 4; lastKnownFileType = sourcecode.swift; path = URLSessionProvider.swift; sourceTree = "<group>"; };
		E01B5238281E4A21009918AE /* HttpContentType.swift */ = {isa = PBXFileReference; fileEncoding = 4; lastKnownFileType = sourcecode.swift; path = HttpContentType.swift; sourceTree = "<group>"; };
		E01B5239281E4A21009918AE /* HTTPMethod.swift */ = {isa = PBXFileReference; fileEncoding = 4; lastKnownFileType = sourcecode.swift; path = HTTPMethod.swift; sourceTree = "<group>"; };
		E01B523A281E4A21009918AE /* ApiResult.swift */ = {isa = PBXFileReference; fileEncoding = 4; lastKnownFileType = sourcecode.swift; path = ApiResult.swift; sourceTree = "<group>"; };
		E01B523B281E4A21009918AE /* EndPoint.swift */ = {isa = PBXFileReference; fileEncoding = 4; lastKnownFileType = sourcecode.swift; path = EndPoint.swift; sourceTree = "<group>"; };
		E0BE4BCE27FA76BD0076403C /* shinghaLib.app */ = {isa = PBXFileReference; explicitFileType = wrapper.application; includeInIndex = 0; path = shinghaLib.app; sourceTree = BUILT_PRODUCTS_DIR; };
		E0BE4BDF27FA76BE0076403C /* Info.plist */ = {isa = PBXFileReference; lastKnownFileType = text.plist.xml; path = Info.plist; sourceTree = "<group>"; };
		E0E038492852307C003B98AF /* libshinghaLibrary.a */ = {isa = PBXFileReference; explicitFileType = archive.ar; includeInIndex = 0; path = libshinghaLibrary.a; sourceTree = BUILT_PRODUCTS_DIR; };
		E0E03852285230AE003B98AF /* Verification.swift */ = {isa = PBXFileReference; fileEncoding = 4; lastKnownFileType = sourcecode.swift; path = Verification.swift; sourceTree = "<group>"; };
		E0E03854285230AE003B98AF /* PhoneNumberValidate.swift */ = {isa = PBXFileReference; fileEncoding = 4; lastKnownFileType = sourcecode.swift; path = PhoneNumberValidate.swift; sourceTree = "<group>"; };
		E0E03855285230AE003B98AF /* PasswordVaildate.swift */ = {isa = PBXFileReference; fileEncoding = 4; lastKnownFileType = sourcecode.swift; path = PasswordVaildate.swift; sourceTree = "<group>"; };
		E0E03856285230AE003B98AF /* EmailValidate.swift */ = {isa = PBXFileReference; fileEncoding = 4; lastKnownFileType = sourcecode.swift; path = EmailValidate.swift; sourceTree = "<group>"; };
		E0E03857285230AE003B98AF /* UserIdVelidate.swift */ = {isa = PBXFileReference; fileEncoding = 4; lastKnownFileType = sourcecode.swift; path = UserIdVelidate.swift; sourceTree = "<group>"; };
		E0E03858285230AE003B98AF /* BaseValidate.swift */ = {isa = PBXFileReference; fileEncoding = 4; lastKnownFileType = sourcecode.swift; path = BaseValidate.swift; sourceTree = "<group>"; };
		E0E0385B285230AE003B98AF /* GradientView.swift */ = {isa = PBXFileReference; fileEncoding = 4; lastKnownFileType = sourcecode.swift; path = GradientView.swift; sourceTree = "<group>"; };
		E0E0385D285230AE003B98AF /* Log.swift */ = {isa = PBXFileReference; fileEncoding = 4; lastKnownFileType = sourcecode.swift; path = Log.swift; sourceTree = "<group>"; };
		E0E0385F285230AE003B98AF /* ImageManager.swift */ = {isa = PBXFileReference; fileEncoding = 4; lastKnownFileType = sourcecode.swift; path = ImageManager.swift; sourceTree = "<group>"; };
		E0E03862285230AE003B98AF /* UserDefault.swift */ = {isa = PBXFileReference; fileEncoding = 4; lastKnownFileType = sourcecode.swift; path = UserDefault.swift; sourceTree = "<group>"; };
		E0E03864285230AE003B98AF /* Inject.swift */ = {isa = PBXFileReference; fileEncoding = 4; lastKnownFileType = sourcecode.swift; path = Inject.swift; sourceTree = "<group>"; };
		E0E03866285230AE003B98AF /* DecodedBy.swift */ = {isa = PBXFileReference; fileEncoding = 4; lastKnownFileType = sourcecode.swift; path = DecodedBy.swift; sourceTree = "<group>"; };
		E0E03867285230AE003B98AF /* PriceTransformer.swift */ = {isa = PBXFileReference; fileEncoding = 4; lastKnownFileType = sourcecode.swift; path = PriceTransformer.swift; sourceTree = "<group>"; };
		E0E0386A285230AE003B98AF /* Combine+UIConrtol+Extension.swift */ = {isa = PBXFileReference; fileEncoding = 4; lastKnownFileType = sourcecode.swift; path = "Combine+UIConrtol+Extension.swift"; sourceTree = "<group>"; };
		E0E0386B285230AE003B98AF /* Combine+UISegmentedControl+Extension.swift */ = {isa = PBXFileReference; fileEncoding = 4; lastKnownFileType = sourcecode.swift; path = "Combine+UISegmentedControl+Extension.swift"; sourceTree = "<group>"; };
		E0E0386C285230AE003B98AF /* Combine+UITextField+Extension.swift */ = {isa = PBXFileReference; fileEncoding = 4; lastKnownFileType = sourcecode.swift; path = "Combine+UITextField+Extension.swift"; sourceTree = "<group>"; };
		E0E0386E285230AE003B98AF /* NSAttributedString+Extension.swift */ = {isa = PBXFileReference; fileEncoding = 4; lastKnownFileType = sourcecode.swift; path = "NSAttributedString+Extension.swift"; sourceTree = "<group>"; };
		E0E0386F285230AE003B98AF /* Int+Extension.swift */ = {isa = PBXFileReference; fileEncoding = 4; lastKnownFileType = sourcecode.swift; path = "Int+Extension.swift"; sourceTree = "<group>"; };
		E0E03870285230AE003B98AF /* Date+Extension.swift */ = {isa = PBXFileReference; fileEncoding = 4; lastKnownFileType = sourcecode.swift; path = "Date+Extension.swift"; sourceTree = "<group>"; };
		E0E03871285230AE003B98AF /* Optional+Extension.swift */ = {isa = PBXFileReference; fileEncoding = 4; lastKnownFileType = sourcecode.swift; path = "Optional+Extension.swift"; sourceTree = "<group>"; };
		E0E03872285230AE003B98AF /* String+Extension.swift */ = {isa = PBXFileReference; fileEncoding = 4; lastKnownFileType = sourcecode.swift; path = "String+Extension.swift"; sourceTree = "<group>"; };
		E0E03873285230AE003B98AF /* NSMutableAttributedString+Extension.swift */ = {isa = PBXFileReference; fileEncoding = 4; lastKnownFileType = sourcecode.swift; path = "NSMutableAttributedString+Extension.swift"; sourceTree = "<group>"; };
		E0E03874285230AE003B98AF /* Result+Extension.swift */ = {isa = PBXFileReference; fileEncoding = 4; lastKnownFileType = sourcecode.swift; path = "Result+Extension.swift"; sourceTree = "<group>"; };
		E0E03876285230AE003B98AF /* Rx+NotificationCenter+Extension.swift */ = {isa = PBXFileReference; fileEncoding = 4; lastKnownFileType = sourcecode.swift; path = "Rx+NotificationCenter+Extension.swift"; sourceTree = "<group>"; };
		E0E038A3285233E3003B98AF /* UIViewController+Extension.swift */ = {isa = PBXFileReference; lastKnownFileType = sourcecode.swift; path = "UIViewController+Extension.swift"; sourceTree = "<group>"; };
		E0E038A62852342A003B98AF /* CameraSession.swift */ = {isa = PBXFileReference; fileEncoding = 4; lastKnownFileType = sourcecode.swift; path = CameraSession.swift; sourceTree = "<group>"; };
		E0E038A82852342A003B98AF /* PreviewView.swift */ = {isa = PBXFileReference; fileEncoding = 4; lastKnownFileType = sourcecode.swift; path = PreviewView.swift; sourceTree = "<group>"; };
		E0E038A92852342A003B98AF /* CameraSessionError.swift */ = {isa = PBXFileReference; fileEncoding = 4; lastKnownFileType = sourcecode.swift; path = CameraSessionError.swift; sourceTree = "<group>"; };
		E0E038AE2852346C003B98AF /* PaddingLabel.swift */ = {isa = PBXFileReference; lastKnownFileType = sourcecode.swift; path = PaddingLabel.swift; sourceTree = "<group>"; };
		E0E038B02852352C003B98AF /* UITextField+Extension.swift */ = {isa = PBXFileReference; lastKnownFileType = sourcecode.swift; path = "UITextField+Extension.swift"; sourceTree = "<group>"; };
		E0E038B2285235F8003B98AF /* Combine+UITextView+Extension.swift */ = {isa = PBXFileReference; lastKnownFileType = sourcecode.swift; path = "Combine+UITextView+Extension.swift"; sourceTree = "<group>"; };
		E0E038B528523630003B98AF /* PlaceholderTextView.swift */ = {isa = PBXFileReference; lastKnownFileType = sourcecode.swift; path = PlaceholderTextView.swift; sourceTree = "<group>"; };
		E0E038B728523925003B98AF /* BezierPathView.swift */ = {isa = PBXFileReference; lastKnownFileType = sourcecode.swift; path = BezierPathView.swift; sourceTree = "<group>"; };
		E0E6631E286491560084FD56 /* Assets.xcassets */ = {isa = PBXFileReference; lastKnownFileType = folder.assetcatalog; path = Assets.xcassets; sourceTree = "<group>"; };
		E0E66320286491A30084FD56 /* SceneDelegate.swift */ = {isa = PBXFileReference; fileEncoding = 4; lastKnownFileType = sourcecode.swift; path = SceneDelegate.swift; sourceTree = "<group>"; };
		E0E66321286491A30084FD56 /* AppDelegate.swift */ = {isa = PBXFileReference; fileEncoding = 4; lastKnownFileType = sourcecode.swift; path = AppDelegate.swift; sourceTree = "<group>"; };
		E0E66325286491A30084FD56 /* MainViewController.swift */ = {isa = PBXFileReference; fileEncoding = 4; lastKnownFileType = sourcecode.swift; path = MainViewController.swift; sourceTree = "<group>"; };
		E0E66326286491A30084FD56 /* MainViewModel.swift */ = {isa = PBXFileReference; fileEncoding = 4; lastKnownFileType = sourcecode.swift; path = MainViewModel.swift; sourceTree = "<group>"; };
		E0E6633228649A590084FD56 /* AppCoordinator.swift */ = {isa = PBXFileReference; lastKnownFileType = sourcecode.swift; path = AppCoordinator.swift; sourceTree = "<group>"; };
		E0E6633828649B340084FD56 /* MVVM.swift */ = {isa = PBXFileReference; fileEncoding = 4; lastKnownFileType = sourcecode.swift; path = MVVM.swift; sourceTree = "<group>"; };
		E0E6633928649B340084FD56 /* Coordinator.swift */ = {isa = PBXFileReference; fileEncoding = 4; lastKnownFileType = sourcecode.swift; path = Coordinator.swift; sourceTree = "<group>"; };
		E0E6633B28649B340084FD56 /* BaseViewController.swift */ = {isa = PBXFileReference; fileEncoding = 4; lastKnownFileType = sourcecode.swift; path = BaseViewController.swift; sourceTree = "<group>"; };
		E0E6633C28649B340084FD56 /* BaseTableViewCell.swift */ = {isa = PBXFileReference; fileEncoding = 4; lastKnownFileType = sourcecode.swift; path = BaseTableViewCell.swift; sourceTree = "<group>"; };
		E0E6633D28649B340084FD56 /* BaseCollectionViewCell.swift */ = {isa = PBXFileReference; fileEncoding = 4; lastKnownFileType = sourcecode.swift; path = BaseCollectionViewCell.swift; sourceTree = "<group>"; };
		E0E6633E28649B340084FD56 /* BaseCoordinator.swift */ = {isa = PBXFileReference; fileEncoding = 4; lastKnownFileType = sourcecode.swift; path = BaseCoordinator.swift; sourceTree = "<group>"; };
		E0E6633F28649B340084FD56 /* BaseView.swift */ = {isa = PBXFileReference; fileEncoding = 4; lastKnownFileType = sourcecode.swift; path = BaseView.swift; sourceTree = "<group>"; };
		E0E6634728649D7C0084FD56 /* MainCoordinator.swift */ = {isa = PBXFileReference; lastKnownFileType = sourcecode.swift; path = MainCoordinator.swift; sourceTree = "<group>"; };
		EA086B1938819B6EC2D63118 /* Pods-shinghaLib.debug.xcconfig */ = {isa = PBXFileReference; includeInIndex = 1; lastKnownFileType = text.xcconfig; name = "Pods-shinghaLib.debug.xcconfig"; path = "Target Support Files/Pods-shinghaLib/Pods-shinghaLib.debug.xcconfig"; sourceTree = "<group>"; };
		EE994925FC08BA478BD5ECDA /* Pods-shinghaLib.release.xcconfig */ = {isa = PBXFileReference; includeInIndex = 1; lastKnownFileType = text.xcconfig; name = "Pods-shinghaLib.release.xcconfig"; path = "Target Support Files/Pods-shinghaLib/Pods-shinghaLib.release.xcconfig"; sourceTree = "<group>"; };
		F25CDC50D53C9E48AAEF1F10 /* Pods_shinghaLib.framework */ = {isa = PBXFileReference; explicitFileType = wrapper.framework; includeInIndex = 0; path = Pods_shinghaLib.framework; sourceTree = BUILT_PRODUCTS_DIR; };
		F46F822F2439CDE5DE89515E /* Pods_shinghaLibrary.framework */ = {isa = PBXFileReference; explicitFileType = wrapper.framework; includeInIndex = 0; path = Pods_shinghaLibrary.framework; sourceTree = BUILT_PRODUCTS_DIR; };
/* End PBXFileReference section */

/* Begin PBXFrameworksBuildPhase section */
		E0BE4BCB27FA76BD0076403C /* Frameworks */ = {
			isa = PBXFrameworksBuildPhase;
			buildActionMask = 2147483647;
			files = (
				47E8CDE03189FA002100D5C8 /* Pods_shinghaLib.framework in Frameworks */,
			);
			runOnlyForDeploymentPostprocessing = 0;
		};
		E0E038462852307C003B98AF /* Frameworks */ = {
			isa = PBXFrameworksBuildPhase;
			buildActionMask = 2147483647;
			files = (
				14213E92FF4C6E62C3600C37 /* Pods_shinghaLibrary.framework in Frameworks */,
			);
			runOnlyForDeploymentPostprocessing = 0;
		};
/* End PBXFrameworksBuildPhase section */

/* Begin PBXGroup section */
		0BEE17421BFD6DFE6C852A06 /* Frameworks */ = {
			isa = PBXGroup;
			children = (
				F25CDC50D53C9E48AAEF1F10 /* Pods_shinghaLib.framework */,
				F46F822F2439CDE5DE89515E /* Pods_shinghaLibrary.framework */,
			);
			name = Frameworks;
			sourceTree = "<group>";
		};
		D35A89F7A4DA39967D3792A2 /* Pods */ = {
			isa = PBXGroup;
			children = (
				EA086B1938819B6EC2D63118 /* Pods-shinghaLib.debug.xcconfig */,
				EE994925FC08BA478BD5ECDA /* Pods-shinghaLib.release.xcconfig */,
				1DFDFE6E4D8BDCE1FE2E999D /* Pods-shinghaLibrary.debug.xcconfig */,
				68063B54E12ABF71CEB627D0 /* Pods-shinghaLibrary.release.xcconfig */,
			);
			path = Pods;
			sourceTree = "<group>";
		};
		E01B5227281E49CA009918AE /* Network */ = {
			isa = PBXGroup;
			children = (
				E01B5236281E4A21009918AE /* API */,
				E01B5235281E49E6009918AE /* Repository */,
			);
			path = Network;
			sourceTree = "<group>";
		};
		E01B522A281E49CA009918AE /* Base */ = {
			isa = PBXGroup;
			children = (
				E01B522B281E49CA009918AE /* URLSessionProtocol.swift */,
				E01B522C281E49CA009918AE /* SessionError.swift */,
				E01B522D281E49CA009918AE /* NetworkResult.swift */,
				E01B522E281E49CA009918AE /* URLSessionProvider.swift */,
			);
			path = Base;
			sourceTree = "<group>";
		};
		E01B5235281E49E6009918AE /* Repository */ = {
			isa = PBXGroup;
			children = (
				E01B522A281E49CA009918AE /* Base */,
				E01B5228281E49CA009918AE /* NetworkRepository.swift */,
				E01B5229281E49CA009918AE /* NetworkApiRepository.swift */,
			);
			path = Repository;
			sourceTree = "<group>";
		};
		E01B5236281E4A21009918AE /* API */ = {
			isa = PBXGroup;
			children = (
				E01B5237281E4A21009918AE /* Base */,
			);
			path = API;
			sourceTree = "<group>";
		};
		E01B5237281E4A21009918AE /* Base */ = {
			isa = PBXGroup;
			children = (
				E01B5238281E4A21009918AE /* HttpContentType.swift */,
				E01B5239281E4A21009918AE /* HTTPMethod.swift */,
				E01B523A281E4A21009918AE /* ApiResult.swift */,
				E01B523B281E4A21009918AE /* EndPoint.swift */,
			);
			path = Base;
			sourceTree = "<group>";
		};
		E01B5241281E4B33009918AE /* Sources */ = {
			isa = PBXGroup;
			children = (
				E01B5227281E49CA009918AE /* Network */,
				E0E66322286491A30084FD56 /* Present */,
				E0E66321286491A30084FD56 /* AppDelegate.swift */,
				E0E66320286491A30084FD56 /* SceneDelegate.swift */,
				E0E6633228649A590084FD56 /* AppCoordinator.swift */,
			);
			path = Sources;
			sourceTree = "<group>";
		};
		E0BE4BC527FA76BD0076403C = {
			isa = PBXGroup;
			children = (
				E0BE4BD027FA76BD0076403C /* shinghaLib */,
				E0E0384A2852307C003B98AF /* shinghaLibrary */,
				E0BE4BCF27FA76BD0076403C /* Products */,
				D35A89F7A4DA39967D3792A2 /* Pods */,
				0BEE17421BFD6DFE6C852A06 /* Frameworks */,
			);
			sourceTree = "<group>";
		};
		E0BE4BCF27FA76BD0076403C /* Products */ = {
			isa = PBXGroup;
			children = (
				E0BE4BCE27FA76BD0076403C /* shinghaLib.app */,
				E0E038492852307C003B98AF /* libshinghaLibrary.a */,
			);
			name = Products;
			sourceTree = "<group>";
		};
		E0BE4BD027FA76BD0076403C /* shinghaLib */ = {
			isa = PBXGroup;
			children = (
				E01B5241281E4B33009918AE /* Sources */,
				E0E6631D286491560084FD56 /* Resources */,
				E0E6632C286492070084FD56 /* Configuration */,
			);
			path = shinghaLib;
			sourceTree = "<group>";
		};
		E0E0384A2852307C003B98AF /* shinghaLibrary */ = {
			isa = PBXGroup;
			children = (
				E0E03850285230AE003B98AF /* Common */,
				E0E03868285230AE003B98AF /* Extension */,
			);
			path = shinghaLibrary;
			sourceTree = "<group>";
		};
		E0E03850285230AE003B98AF /* Common */ = {
			isa = PBXGroup;
			children = (
				E0E038A528523415003B98AF /* Camera */,
				E0E03851285230AE003B98AF /* Verification */,
				E0E03859285230AE003B98AF /* View */,
				E0E0385C285230AE003B98AF /* Log */,
				E0E0385E285230AE003B98AF /* Rx+ImageManager */,
				E0E03860285230AE003B98AF /* PropertyWrapper */,
			);
			path = Common;
			sourceTree = "<group>";
		};
		E0E03851285230AE003B98AF /* Verification */ = {
			isa = PBXGroup;
			children = (
				E0E03852285230AE003B98AF /* Verification.swift */,
				E0E03853285230AE003B98AF /* Type */,
			);
			path = Verification;
			sourceTree = "<group>";
		};
		E0E03853285230AE003B98AF /* Type */ = {
			isa = PBXGroup;
			children = (
				E0E03854285230AE003B98AF /* PhoneNumberValidate.swift */,
				E0E03855285230AE003B98AF /* PasswordVaildate.swift */,
				E0E03856285230AE003B98AF /* EmailValidate.swift */,
				E0E03857285230AE003B98AF /* UserIdVelidate.swift */,
				E0E03858285230AE003B98AF /* BaseValidate.swift */,
			);
			path = Type;
			sourceTree = "<group>";
		};
		E0E03859285230AE003B98AF /* View */ = {
			isa = PBXGroup;
			children = (
				E0E038AE2852346C003B98AF /* PaddingLabel.swift */,
				E0E038B528523630003B98AF /* PlaceholderTextView.swift */,
				E0E0385B285230AE003B98AF /* GradientView.swift */,
				E0E038B728523925003B98AF /* BezierPathView.swift */,
			);
			path = View;
			sourceTree = "<group>";
		};
		E0E0385C285230AE003B98AF /* Log */ = {
			isa = PBXGroup;
			children = (
				E0E0385D285230AE003B98AF /* Log.swift */,
			);
			path = Log;
			sourceTree = "<group>";
		};
		E0E0385E285230AE003B98AF /* Rx+ImageManager */ = {
			isa = PBXGroup;
			children = (
				E0E0385F285230AE003B98AF /* ImageManager.swift */,
			);
			path = "Rx+ImageManager";
			sourceTree = "<group>";
		};
		E0E03860285230AE003B98AF /* PropertyWrapper */ = {
			isa = PBXGroup;
			children = (
				E0E03861285230AE003B98AF /* UserDefault */,
				E0E03863285230AE003B98AF /* Inject */,
				E0E03865285230AE003B98AF /* DecoderBy */,
			);
			path = PropertyWrapper;
			sourceTree = "<group>";
		};
		E0E03861285230AE003B98AF /* UserDefault */ = {
			isa = PBXGroup;
			children = (
				E0E03862285230AE003B98AF /* UserDefault.swift */,
			);
			path = UserDefault;
			sourceTree = "<group>";
		};
		E0E03863285230AE003B98AF /* Inject */ = {
			isa = PBXGroup;
			children = (
				E0E03864285230AE003B98AF /* Inject.swift */,
			);
			path = Inject;
			sourceTree = "<group>";
		};
		E0E03865285230AE003B98AF /* DecoderBy */ = {
			isa = PBXGroup;
			children = (
				E0E03866285230AE003B98AF /* DecodedBy.swift */,
				E0E03867285230AE003B98AF /* PriceTransformer.swift */,
			);
			path = DecoderBy;
			sourceTree = "<group>";
		};
		E0E03868285230AE003B98AF /* Extension */ = {
			isa = PBXGroup;
			children = (
				E0E038A2285233D4003B98AF /* UIKit */,
				E0E03869285230AE003B98AF /* Combine */,
				E0E0386D285230AE003B98AF /* Foundation */,
				E0E03875285230AE003B98AF /* Rx */,
			);
			path = Extension;
			sourceTree = "<group>";
		};
		E0E03869285230AE003B98AF /* Combine */ = {
			isa = PBXGroup;
			children = (
				E0E0386A285230AE003B98AF /* Combine+UIConrtol+Extension.swift */,
				E0E0386B285230AE003B98AF /* Combine+UISegmentedControl+Extension.swift */,
				E0E0386C285230AE003B98AF /* Combine+UITextField+Extension.swift */,
				E0E038B2285235F8003B98AF /* Combine+UITextView+Extension.swift */,
			);
			path = Combine;
			sourceTree = "<group>";
		};
		E0E0386D285230AE003B98AF /* Foundation */ = {
			isa = PBXGroup;
			children = (
				E0E0386E285230AE003B98AF /* NSAttributedString+Extension.swift */,
				E0E0386F285230AE003B98AF /* Int+Extension.swift */,
				E0E03870285230AE003B98AF /* Date+Extension.swift */,
				E0E03871285230AE003B98AF /* Optional+Extension.swift */,
				E0E03872285230AE003B98AF /* String+Extension.swift */,
				E0E03873285230AE003B98AF /* NSMutableAttributedString+Extension.swift */,
				E0E03874285230AE003B98AF /* Result+Extension.swift */,
			);
			path = Foundation;
			sourceTree = "<group>";
		};
		E0E03875285230AE003B98AF /* Rx */ = {
			isa = PBXGroup;
			children = (
				E0E03876285230AE003B98AF /* Rx+NotificationCenter+Extension.swift */,
			);
			path = Rx;
			sourceTree = "<group>";
		};
		E0E038A2285233D4003B98AF /* UIKit */ = {
			isa = PBXGroup;
			children = (
				E0E038A3285233E3003B98AF /* UIViewController+Extension.swift */,
				E0E038B02852352C003B98AF /* UITextField+Extension.swift */,
			);
			path = UIKit;
			sourceTree = "<group>";
		};
		E0E038A528523415003B98AF /* Camera */ = {
			isa = PBXGroup;
			children = (
				E0E038A62852342A003B98AF /* CameraSession.swift */,
				E0E038A92852342A003B98AF /* CameraSessionError.swift */,
				E0E038A72852342A003B98AF /* View */,
			);
			path = Camera;
			sourceTree = "<group>";
		};
		E0E038A72852342A003B98AF /* View */ = {
			isa = PBXGroup;
			children = (
				E0E038A82852342A003B98AF /* PreviewView.swift */,
			);
			path = View;
			sourceTree = "<group>";
		};
		E0E6631D286491560084FD56 /* Resources */ = {
			isa = PBXGroup;
			children = (
				E0E6631E286491560084FD56 /* Assets.xcassets */,
			);
			path = Resources;
			sourceTree = "<group>";
		};
		E0E66322286491A30084FD56 /* Present */ = {
			isa = PBXGroup;
			children = (
				E0E6633A28649B340084FD56 /* BaseUIKit */,
				E0E6633728649B340084FD56 /* MVVMC */,
				E0E66324286491A30084FD56 /* MainView */,
			);
			path = Present;
			sourceTree = "<group>";
		};
		E0E66324286491A30084FD56 /* MainView */ = {
			isa = PBXGroup;
			children = (
				E0E66325286491A30084FD56 /* MainViewController.swift */,
				E0E66326286491A30084FD56 /* MainViewModel.swift */,
				E0E6634728649D7C0084FD56 /* MainCoordinator.swift */,
			);
			path = MainView;
			sourceTree = "<group>";
		};
		E0E6632C286492070084FD56 /* Configuration */ = {
			isa = PBXGroup;
			children = (
				E0BE4BDF27FA76BE0076403C /* Info.plist */,
			);
			path = Configuration;
			sourceTree = "<group>";
		};
		E0E6633728649B340084FD56 /* MVVMC */ = {
			isa = PBXGroup;
			children = (
				E0E6633828649B340084FD56 /* MVVM.swift */,
				E0E6633928649B340084FD56 /* Coordinator.swift */,
			);
			path = MVVMC;
			sourceTree = "<group>";
		};
		E0E6633A28649B340084FD56 /* BaseUIKit */ = {
			isa = PBXGroup;
			children = (
				E0E6633B28649B340084FD56 /* BaseViewController.swift */,
				E0E6633C28649B340084FD56 /* BaseTableViewCell.swift */,
				E0E6633D28649B340084FD56 /* BaseCollectionViewCell.swift */,
				E0E6633E28649B340084FD56 /* BaseCoordinator.swift */,
				E0E6633F28649B340084FD56 /* BaseView.swift */,
			);
			path = BaseUIKit;
			sourceTree = "<group>";
		};
/* End PBXGroup section */

/* Begin PBXNativeTarget section */
		E0BE4BCD27FA76BD0076403C /* shinghaLib */ = {
			isa = PBXNativeTarget;
			buildConfigurationList = E0BE4BE227FA76BE0076403C /* Build configuration list for PBXNativeTarget "shinghaLib" */;
			buildPhases = (
				19A5D3CA0F35EA6A1C9A4526 /* [CP] Check Pods Manifest.lock */,
				E0BE4BCA27FA76BD0076403C /* Sources */,
				E0BE4BCB27FA76BD0076403C /* Frameworks */,
				E0BE4BCC27FA76BD0076403C /* Resources */,
				7DEC8F4275B976BB5BBA596E /* [CP] Embed Pods Frameworks */,
				E0E6634928649E2F0084FD56 /* SwiftLint */,
			);
			buildRules = (
			);
			dependencies = (
			);
			name = shinghaLib;
			productName = shinghaLib;
			productReference = E0BE4BCE27FA76BD0076403C /* shinghaLib.app */;
			productType = "com.apple.product-type.application";
		};
		E0E038482852307C003B98AF /* shinghaLibrary */ = {
			isa = PBXNativeTarget;
			buildConfigurationList = E0E0384D2852307C003B98AF /* Build configuration list for PBXNativeTarget "shinghaLibrary" */;
			buildPhases = (
				02C7E62F46E912371116C1CB /* [CP] Check Pods Manifest.lock */,
				E0E038452852307C003B98AF /* Sources */,
				E0E038462852307C003B98AF /* Frameworks */,
				E0E038472852307C003B98AF /* CopyFiles */,
			);
			buildRules = (
			);
			dependencies = (
			);
			name = shinghaLibrary;
			productName = shinghaLibrary;
			productReference = E0E038492852307C003B98AF /* libshinghaLibrary.a */;
			productType = "com.apple.product-type.library.static";
		};
/* End PBXNativeTarget section */

/* Begin PBXProject section */
		E0BE4BC627FA76BD0076403C /* Project object */ = {
			isa = PBXProject;
			attributes = {
				BuildIndependentTargetsInParallel = 1;
				LastSwiftUpdateCheck = 1330;
				LastUpgradeCheck = 1320;
				TargetAttributes = {
					E0BE4BCD27FA76BD0076403C = {
						CreatedOnToolsVersion = 13.2.1;
					};
					E0E038482852307C003B98AF = {
						CreatedOnToolsVersion = 13.3.1;
					};
				};
			};
			buildConfigurationList = E0BE4BC927FA76BD0076403C /* Build configuration list for PBXProject "shinghaLib" */;
			compatibilityVersion = "Xcode 13.0";
			developmentRegion = en;
			hasScannedForEncodings = 0;
			knownRegions = (
				en,
				Base,
			);
			mainGroup = E0BE4BC527FA76BD0076403C;
			productRefGroup = E0BE4BCF27FA76BD0076403C /* Products */;
			projectDirPath = "";
			projectRoot = "";
			targets = (
				E0BE4BCD27FA76BD0076403C /* shinghaLib */,
				E0E038482852307C003B98AF /* shinghaLibrary */,
			);
		};
/* End PBXProject section */

/* Begin PBXResourcesBuildPhase section */
		E0BE4BCC27FA76BD0076403C /* Resources */ = {
			isa = PBXResourcesBuildPhase;
			buildActionMask = 2147483647;
			files = (
				E0E6631F286491560084FD56 /* Assets.xcassets in Resources */,
			);
			runOnlyForDeploymentPostprocessing = 0;
		};
/* End PBXResourcesBuildPhase section */

/* Begin PBXShellScriptBuildPhase section */
		02C7E62F46E912371116C1CB /* [CP] Check Pods Manifest.lock */ = {
			isa = PBXShellScriptBuildPhase;
			buildActionMask = 2147483647;
			files = (
			);
			inputFileListPaths = (
			);
			inputPaths = (
				"${PODS_PODFILE_DIR_PATH}/Podfile.lock",
				"${PODS_ROOT}/Manifest.lock",
			);
			name = "[CP] Check Pods Manifest.lock";
			outputFileListPaths = (
			);
			outputPaths = (
				"$(DERIVED_FILE_DIR)/Pods-shinghaLibrary-checkManifestLockResult.txt",
			);
			runOnlyForDeploymentPostprocessing = 0;
			shellPath = /bin/sh;
			shellScript = "diff \"${PODS_PODFILE_DIR_PATH}/Podfile.lock\" \"${PODS_ROOT}/Manifest.lock\" > /dev/null\nif [ $? != 0 ] ; then\n    # print error to STDERR\n    echo \"error: The sandbox is not in sync with the Podfile.lock. Run 'pod install' or update your CocoaPods installation.\" >&2\n    exit 1\nfi\n# This output is used by Xcode 'outputs' to avoid re-running this script phase.\necho \"SUCCESS\" > \"${SCRIPT_OUTPUT_FILE_0}\"\n";
			showEnvVarsInLog = 0;
		};
		19A5D3CA0F35EA6A1C9A4526 /* [CP] Check Pods Manifest.lock */ = {
			isa = PBXShellScriptBuildPhase;
			buildActionMask = 2147483647;
			files = (
			);
			inputFileListPaths = (
			);
			inputPaths = (
				"${PODS_PODFILE_DIR_PATH}/Podfile.lock",
				"${PODS_ROOT}/Manifest.lock",
			);
			name = "[CP] Check Pods Manifest.lock";
			outputFileListPaths = (
			);
			outputPaths = (
				"$(DERIVED_FILE_DIR)/Pods-shinghaLib-checkManifestLockResult.txt",
			);
			runOnlyForDeploymentPostprocessing = 0;
			shellPath = /bin/sh;
			shellScript = "diff \"${PODS_PODFILE_DIR_PATH}/Podfile.lock\" \"${PODS_ROOT}/Manifest.lock\" > /dev/null\nif [ $? != 0 ] ; then\n    # print error to STDERR\n    echo \"error: The sandbox is not in sync with the Podfile.lock. Run 'pod install' or update your CocoaPods installation.\" >&2\n    exit 1\nfi\n# This output is used by Xcode 'outputs' to avoid re-running this script phase.\necho \"SUCCESS\" > \"${SCRIPT_OUTPUT_FILE_0}\"\n";
			showEnvVarsInLog = 0;
		};
		7DEC8F4275B976BB5BBA596E /* [CP] Embed Pods Frameworks */ = {
			isa = PBXShellScriptBuildPhase;
			buildActionMask = 2147483647;
			files = (
			);
			inputFileListPaths = (
				"${PODS_ROOT}/Target Support Files/Pods-shinghaLib/Pods-shinghaLib-frameworks-${CONFIGURATION}-input-files.xcfilelist",
			);
			name = "[CP] Embed Pods Frameworks";
			outputFileListPaths = (
				"${PODS_ROOT}/Target Support Files/Pods-shinghaLib/Pods-shinghaLib-frameworks-${CONFIGURATION}-output-files.xcfilelist",
			);
			runOnlyForDeploymentPostprocessing = 0;
			shellPath = /bin/sh;
			shellScript = "\"${PODS_ROOT}/Target Support Files/Pods-shinghaLib/Pods-shinghaLib-frameworks.sh\"\n";
			showEnvVarsInLog = 0;
		};
		E0E6634928649E2F0084FD56 /* SwiftLint */ = {
			isa = PBXShellScriptBuildPhase;
			buildActionMask = 2147483647;
			files = (
			);
			inputFileListPaths = (
			);
			inputPaths = (
			);
			name = SwiftLint;
			outputFileListPaths = (
			);
			outputPaths = (
			);
			runOnlyForDeploymentPostprocessing = 0;
			shellPath = /bin/sh;
			shellScript = "\"${PODS_ROOT}/SwiftLint/swiftlint\"\n";
		};
/* End PBXShellScriptBuildPhase section */

/* Begin PBXSourcesBuildPhase section */
		E0BE4BCA27FA76BD0076403C /* Sources */ = {
			isa = PBXSourcesBuildPhase;
			buildActionMask = 2147483647;
			files = (
				E01B5233281E49CA009918AE /* NetworkResult.swift in Sources */,
				E01B5232281E49CA009918AE /* SessionError.swift in Sources */,
				E01B5234281E49CA009918AE /* URLSessionProvider.swift in Sources */,
				E0E6634228649B340084FD56 /* BaseViewController.swift in Sources */,
				E0E6633328649A590084FD56 /* AppCoordinator.swift in Sources */,
				E01B522F281E49CA009918AE /* NetworkRepository.swift in Sources */,
				E0E66328286491A30084FD56 /* AppDelegate.swift in Sources */,
				E0E6634428649B340084FD56 /* BaseCollectionViewCell.swift in Sources */,
				E0E6634828649D7C0084FD56 /* MainCoordinator.swift in Sources */,
				E0E6634528649B340084FD56 /* BaseCoordinator.swift in Sources */,
				E0E6634328649B340084FD56 /* BaseTableViewCell.swift in Sources */,
				E01B523D281E4A21009918AE /* HTTPMethod.swift in Sources */,
				E0E6634128649B340084FD56 /* Coordinator.swift in Sources */,
				E0E6632A286491A30084FD56 /* MainViewController.swift in Sources */,
				E0E6634028649B340084FD56 /* MVVM.swift in Sources */,
				E0E6632B286491A30084FD56 /* MainViewModel.swift in Sources */,
				E01B5231281E49CA009918AE /* URLSessionProtocol.swift in Sources */,
				E01B523F281E4A21009918AE /* EndPoint.swift in Sources */,
				E01B523E281E4A21009918AE /* ApiResult.swift in Sources */,
				E0E6634628649B340084FD56 /* BaseView.swift in Sources */,
				E0E66327286491A30084FD56 /* SceneDelegate.swift in Sources */,
				E01B523C281E4A21009918AE /* HttpContentType.swift in Sources */,
				E01B5230281E49CA009918AE /* NetworkApiRepository.swift in Sources */,
			);
			runOnlyForDeploymentPostprocessing = 0;
		};
		E0E038452852307C003B98AF /* Sources */ = {
			isa = PBXSourcesBuildPhase;
			buildActionMask = 2147483647;
			files = (
				E0E0388E285230AE003B98AF /* Rx+NotificationCenter+Extension.swift in Sources */,
				E0E0388D285230AE003B98AF /* Result+Extension.swift in Sources */,
				E0E038AA2852342A003B98AF /* CameraSession.swift in Sources */,
				E0E03888285230AE003B98AF /* Int+Extension.swift in Sources */,
				E0E03885285230AE003B98AF /* Combine+UISegmentedControl+Extension.swift in Sources */,
				E0E0387C285230AE003B98AF /* BaseValidate.swift in Sources */,
				E0E0387F285230AE003B98AF /* ImageManager.swift in Sources */,
				E0E0388A285230AE003B98AF /* Optional+Extension.swift in Sources */,
				E0E03884285230AE003B98AF /* Combine+UIConrtol+Extension.swift in Sources */,
				E0E038AB2852342A003B98AF /* PreviewView.swift in Sources */,
				E0E03889285230AE003B98AF /* Date+Extension.swift in Sources */,
				E0E0387A285230AE003B98AF /* EmailValidate.swift in Sources */,
				E0E03883285230AE003B98AF /* PriceTransformer.swift in Sources */,
				E0E03880285230AE003B98AF /* UserDefault.swift in Sources */,
				E0E038B828523925003B98AF /* BezierPathView.swift in Sources */,
				E0E0387E285230AE003B98AF /* Log.swift in Sources */,
				E0E03877285230AE003B98AF /* Verification.swift in Sources */,
				E0E038B628523630003B98AF /* PlaceholderTextView.swift in Sources */,
				E0E0388B285230AE003B98AF /* String+Extension.swift in Sources */,
				E0E03887285230AE003B98AF /* NSAttributedString+Extension.swift in Sources */,
				E0E038A4285233E3003B98AF /* UIViewController+Extension.swift in Sources */,
				E0E0388C285230AE003B98AF /* NSMutableAttributedString+Extension.swift in Sources */,
				E0E03878285230AE003B98AF /* PhoneNumberValidate.swift in Sources */,
				E0E0387B285230AE003B98AF /* UserIdVelidate.swift in Sources */,
				E0E03881285230AE003B98AF /* Inject.swift in Sources */,
				E0E038AC2852342A003B98AF /* CameraSessionError.swift in Sources */,
				E0E038AF2852346C003B98AF /* PaddingLabel.swift in Sources */,
				E0E03882285230AE003B98AF /* DecodedBy.swift in Sources */,
				E0E038B12852352C003B98AF /* UITextField+Extension.swift in Sources */,
				E0E038B3285235F8003B98AF /* Combine+UITextView+Extension.swift in Sources */,
				E0E03879285230AE003B98AF /* PasswordVaildate.swift in Sources */,
				E0E0387D285230AE003B98AF /* GradientView.swift in Sources */,
				E0E03886285230AE003B98AF /* Combine+UITextField+Extension.swift in Sources */,
			);
			runOnlyForDeploymentPostprocessing = 0;
		};
/* End PBXSourcesBuildPhase section */

/* Begin XCBuildConfiguration section */
		E0BE4BE027FA76BE0076403C /* Debug */ = {
			isa = XCBuildConfiguration;
			buildSettings = {
				ALWAYS_SEARCH_USER_PATHS = NO;
				CLANG_ANALYZER_NONNULL = YES;
				CLANG_ANALYZER_NUMBER_OBJECT_CONVERSION = YES_AGGRESSIVE;
				CLANG_CXX_LANGUAGE_STANDARD = "gnu++17";
				CLANG_CXX_LIBRARY = "libc++";
				CLANG_ENABLE_MODULES = YES;
				CLANG_ENABLE_OBJC_ARC = YES;
				CLANG_ENABLE_OBJC_WEAK = YES;
				CLANG_WARN_BLOCK_CAPTURE_AUTORELEASING = YES;
				CLANG_WARN_BOOL_CONVERSION = YES;
				CLANG_WARN_COMMA = YES;
				CLANG_WARN_CONSTANT_CONVERSION = YES;
				CLANG_WARN_DEPRECATED_OBJC_IMPLEMENTATIONS = YES;
				CLANG_WARN_DIRECT_OBJC_ISA_USAGE = YES_ERROR;
				CLANG_WARN_DOCUMENTATION_COMMENTS = YES;
				CLANG_WARN_EMPTY_BODY = YES;
				CLANG_WARN_ENUM_CONVERSION = YES;
				CLANG_WARN_INFINITE_RECURSION = YES;
				CLANG_WARN_INT_CONVERSION = YES;
				CLANG_WARN_NON_LITERAL_NULL_CONVERSION = YES;
				CLANG_WARN_OBJC_IMPLICIT_RETAIN_SELF = YES;
				CLANG_WARN_OBJC_LITERAL_CONVERSION = YES;
				CLANG_WARN_OBJC_ROOT_CLASS = YES_ERROR;
				CLANG_WARN_QUOTED_INCLUDE_IN_FRAMEWORK_HEADER = YES;
				CLANG_WARN_RANGE_LOOP_ANALYSIS = YES;
				CLANG_WARN_STRICT_PROTOTYPES = YES;
				CLANG_WARN_SUSPICIOUS_MOVE = YES;
				CLANG_WARN_UNGUARDED_AVAILABILITY = YES_AGGRESSIVE;
				CLANG_WARN_UNREACHABLE_CODE = YES;
				CLANG_WARN__DUPLICATE_METHOD_MATCH = YES;
				COPY_PHASE_STRIP = NO;
				DEBUG_INFORMATION_FORMAT = dwarf;
				ENABLE_STRICT_OBJC_MSGSEND = YES;
				ENABLE_TESTABILITY = YES;
				GCC_C_LANGUAGE_STANDARD = gnu11;
				GCC_DYNAMIC_NO_PIC = NO;
				GCC_NO_COMMON_BLOCKS = YES;
				GCC_OPTIMIZATION_LEVEL = 0;
				GCC_PREPROCESSOR_DEFINITIONS = (
					"DEBUG=1",
					"$(inherited)",
				);
				GCC_WARN_64_TO_32_BIT_CONVERSION = YES;
				GCC_WARN_ABOUT_RETURN_TYPE = YES_ERROR;
				GCC_WARN_UNDECLARED_SELECTOR = YES;
				GCC_WARN_UNINITIALIZED_AUTOS = YES_AGGRESSIVE;
				GCC_WARN_UNUSED_FUNCTION = YES;
				GCC_WARN_UNUSED_VARIABLE = YES;
				IPHONEOS_DEPLOYMENT_TARGET = 14.0;
				MTL_ENABLE_DEBUG_INFO = INCLUDE_SOURCE;
				MTL_FAST_MATH = YES;
				ONLY_ACTIVE_ARCH = YES;
				SDKROOT = iphoneos;
				SWIFT_ACTIVE_COMPILATION_CONDITIONS = DEBUG;
				SWIFT_OPTIMIZATION_LEVEL = "-Onone";
			};
			name = Debug;
		};
		E0BE4BE127FA76BE0076403C /* Release */ = {
			isa = XCBuildConfiguration;
			buildSettings = {
				ALWAYS_SEARCH_USER_PATHS = NO;
				CLANG_ANALYZER_NONNULL = YES;
				CLANG_ANALYZER_NUMBER_OBJECT_CONVERSION = YES_AGGRESSIVE;
				CLANG_CXX_LANGUAGE_STANDARD = "gnu++17";
				CLANG_CXX_LIBRARY = "libc++";
				CLANG_ENABLE_MODULES = YES;
				CLANG_ENABLE_OBJC_ARC = YES;
				CLANG_ENABLE_OBJC_WEAK = YES;
				CLANG_WARN_BLOCK_CAPTURE_AUTORELEASING = YES;
				CLANG_WARN_BOOL_CONVERSION = YES;
				CLANG_WARN_COMMA = YES;
				CLANG_WARN_CONSTANT_CONVERSION = YES;
				CLANG_WARN_DEPRECATED_OBJC_IMPLEMENTATIONS = YES;
				CLANG_WARN_DIRECT_OBJC_ISA_USAGE = YES_ERROR;
				CLANG_WARN_DOCUMENTATION_COMMENTS = YES;
				CLANG_WARN_EMPTY_BODY = YES;
				CLANG_WARN_ENUM_CONVERSION = YES;
				CLANG_WARN_INFINITE_RECURSION = YES;
				CLANG_WARN_INT_CONVERSION = YES;
				CLANG_WARN_NON_LITERAL_NULL_CONVERSION = YES;
				CLANG_WARN_OBJC_IMPLICIT_RETAIN_SELF = YES;
				CLANG_WARN_OBJC_LITERAL_CONVERSION = YES;
				CLANG_WARN_OBJC_ROOT_CLASS = YES_ERROR;
				CLANG_WARN_QUOTED_INCLUDE_IN_FRAMEWORK_HEADER = YES;
				CLANG_WARN_RANGE_LOOP_ANALYSIS = YES;
				CLANG_WARN_STRICT_PROTOTYPES = YES;
				CLANG_WARN_SUSPICIOUS_MOVE = YES;
				CLANG_WARN_UNGUARDED_AVAILABILITY = YES_AGGRESSIVE;
				CLANG_WARN_UNREACHABLE_CODE = YES;
				CLANG_WARN__DUPLICATE_METHOD_MATCH = YES;
				COPY_PHASE_STRIP = NO;
				DEBUG_INFORMATION_FORMAT = "dwarf-with-dsym";
				ENABLE_NS_ASSERTIONS = NO;
				ENABLE_STRICT_OBJC_MSGSEND = YES;
				GCC_C_LANGUAGE_STANDARD = gnu11;
				GCC_NO_COMMON_BLOCKS = YES;
				GCC_WARN_64_TO_32_BIT_CONVERSION = YES;
				GCC_WARN_ABOUT_RETURN_TYPE = YES_ERROR;
				GCC_WARN_UNDECLARED_SELECTOR = YES;
				GCC_WARN_UNINITIALIZED_AUTOS = YES_AGGRESSIVE;
				GCC_WARN_UNUSED_FUNCTION = YES;
				GCC_WARN_UNUSED_VARIABLE = YES;
				IPHONEOS_DEPLOYMENT_TARGET = 14.0;
				MTL_ENABLE_DEBUG_INFO = NO;
				MTL_FAST_MATH = YES;
				SDKROOT = iphoneos;
				SWIFT_COMPILATION_MODE = wholemodule;
				SWIFT_OPTIMIZATION_LEVEL = "-O";
				VALIDATE_PRODUCT = YES;
			};
			name = Release;
		};
		E0BE4BE327FA76BE0076403C /* Debug */ = {
			isa = XCBuildConfiguration;
			baseConfigurationReference = EA086B1938819B6EC2D63118 /* Pods-shinghaLib.debug.xcconfig */;
			buildSettings = {
				ASSETCATALOG_COMPILER_APPICON_NAME = AppIcon;
				ASSETCATALOG_COMPILER_GLOBAL_ACCENT_COLOR_NAME = AccentColor;
				CODE_SIGN_STYLE = Automatic;
				CURRENT_PROJECT_VERSION = 1;
				GENERATE_INFOPLIST_FILE = YES;
				INFOPLIST_FILE = shinghaLib/Configuration/Info.plist;
				INFOPLIST_KEY_UIApplicationSupportsIndirectInputEvents = YES;
				INFOPLIST_KEY_UILaunchStoryboardName = LaunchScreen;
				INFOPLIST_KEY_UISupportedInterfaceOrientations_iPad = "UIInterfaceOrientationPortrait UIInterfaceOrientationPortraitUpsideDown UIInterfaceOrientationLandscapeLeft UIInterfaceOrientationLandscapeRight";
				INFOPLIST_KEY_UISupportedInterfaceOrientations_iPhone = "UIInterfaceOrientationPortrait UIInterfaceOrientationLandscapeLeft UIInterfaceOrientationLandscapeRight";
				LD_RUNPATH_SEARCH_PATHS = (
					"$(inherited)",
					"@executable_path/Frameworks",
				);
				MARKETING_VERSION = 1.0;
				PRODUCT_BUNDLE_IDENTIFIER = com.shingha.shinghaLib;
				PRODUCT_NAME = "$(TARGET_NAME)";
				SWIFT_EMIT_LOC_STRINGS = YES;
				SWIFT_VERSION = 5.0;
				TARGETED_DEVICE_FAMILY = "1,2";
			};
			name = Debug;
		};
		E0BE4BE427FA76BE0076403C /* Release */ = {
			isa = XCBuildConfiguration;
			baseConfigurationReference = EE994925FC08BA478BD5ECDA /* Pods-shinghaLib.release.xcconfig */;
			buildSettings = {
				ASSETCATALOG_COMPILER_APPICON_NAME = AppIcon;
				ASSETCATALOG_COMPILER_GLOBAL_ACCENT_COLOR_NAME = AccentColor;
				CODE_SIGN_STYLE = Automatic;
				CURRENT_PROJECT_VERSION = 1;
				GENERATE_INFOPLIST_FILE = YES;
				INFOPLIST_FILE = shinghaLib/Configuration/Info.plist;
				INFOPLIST_KEY_UIApplicationSupportsIndirectInputEvents = YES;
				INFOPLIST_KEY_UILaunchStoryboardName = LaunchScreen;
				INFOPLIST_KEY_UISupportedInterfaceOrientations_iPad = "UIInterfaceOrientationPortrait UIInterfaceOrientationPortraitUpsideDown UIInterfaceOrientationLandscapeLeft UIInterfaceOrientationLandscapeRight";
				INFOPLIST_KEY_UISupportedInterfaceOrientations_iPhone = "UIInterfaceOrientationPortrait UIInterfaceOrientationLandscapeLeft UIInterfaceOrientationLandscapeRight";
				LD_RUNPATH_SEARCH_PATHS = (
					"$(inherited)",
					"@executable_path/Frameworks",
				);
				MARKETING_VERSION = 1.0;
				PRODUCT_BUNDLE_IDENTIFIER = com.shingha.shinghaLib;
				PRODUCT_NAME = "$(TARGET_NAME)";
				SWIFT_EMIT_LOC_STRINGS = YES;
				SWIFT_VERSION = 5.0;
				TARGETED_DEVICE_FAMILY = "1,2";
			};
			name = Release;
		};
		E0E0384E2852307C003B98AF /* Debug */ = {
			isa = XCBuildConfiguration;
			baseConfigurationReference = 1DFDFE6E4D8BDCE1FE2E999D /* Pods-shinghaLibrary.debug.xcconfig */;
			buildSettings = {
				CODE_SIGN_STYLE = Automatic;
				DEVELOPMENT_TEAM = 4JAAT559ZA;
				IPHONEOS_DEPLOYMENT_TARGET = 14.0;
				OTHER_LDFLAGS = "-ObjC";
				PRODUCT_NAME = "$(TARGET_NAME)";
				SKIP_INSTALL = YES;
				SWIFT_VERSION = 5.0;
				TARGETED_DEVICE_FAMILY = "1,2";
			};
			name = Debug;
		};
		E0E0384F2852307C003B98AF /* Release */ = {
			isa = XCBuildConfiguration;
			baseConfigurationReference = 68063B54E12ABF71CEB627D0 /* Pods-shinghaLibrary.release.xcconfig */;
			buildSettings = {
				CODE_SIGN_STYLE = Automatic;
				DEVELOPMENT_TEAM = 4JAAT559ZA;
				IPHONEOS_DEPLOYMENT_TARGET = 14.0;
				OTHER_LDFLAGS = "-ObjC";
				PRODUCT_NAME = "$(TARGET_NAME)";
				SKIP_INSTALL = YES;
				SWIFT_VERSION = 5.0;
				TARGETED_DEVICE_FAMILY = "1,2";
			};
			name = Release;
		};
/* End XCBuildConfiguration section */

/* Begin XCConfigurationList section */
		E0BE4BC927FA76BD0076403C /* Build configuration list for PBXProject "shinghaLib" */ = {
			isa = XCConfigurationList;
			buildConfigurations = (
				E0BE4BE027FA76BE0076403C /* Debug */,
				E0BE4BE127FA76BE0076403C /* Release */,
			);
			defaultConfigurationIsVisible = 0;
			defaultConfigurationName = Release;
		};
		E0BE4BE227FA76BE0076403C /* Build configuration list for PBXNativeTarget "shinghaLib" */ = {
			isa = XCConfigurationList;
			buildConfigurations = (
				E0BE4BE327FA76BE0076403C /* Debug */,
				E0BE4BE427FA76BE0076403C /* Release */,
			);
			defaultConfigurationIsVisible = 0;
			defaultConfigurationName = Release;
		};
		E0E0384D2852307C003B98AF /* Build configuration list for PBXNativeTarget "shinghaLibrary" */ = {
			isa = XCConfigurationList;
			buildConfigurations = (
				E0E0384E2852307C003B98AF /* Debug */,
				E0E0384F2852307C003B98AF /* Release */,
			);
			defaultConfigurationIsVisible = 0;
			defaultConfigurationName = Release;
		};
/* End XCConfigurationList section */
	};
	rootObject = E0BE4BC627FA76BD0076403C /* Project object */;
}
